
Microsoft Visual Studio Solution File, Format Version 12.00
# Visual Studio Version 17
VisualStudioVersion = 17.0.31903.59
MinimumVisualStudioVersion = 10.0.40219.1
Project("{2150E333-8FDC-42A3-9474-1A3956D46DE8}") = "src", "src", "{827E0CD3-B72D-47B6-A68D-7590B98EB39B}"
EndProject
Project("{FAE04EC0-301F-11D3-BF4B-00C04F79EFBC}") = "HIP.ApiService", "src\HIP.ApiService\HIP.ApiService.csproj", "{F99D8F47-1D46-4D63-A4BE-D4B3FF197B7C}"
EndProject
Project("{FAE04EC0-301F-11D3-BF4B-00C04F79EFBC}") = "HIP.Application", "src\HIP.Application\HIP.Application.csproj", "{E4A5C87D-EEEB-47A4-BF0A-D17B19383366}"
EndProject
Project("{FAE04EC0-301F-11D3-BF4B-00C04F79EFBC}") = "HIP.Domain", "src\HIP.Domain\HIP.Domain.csproj", "{FA972598-D3BF-4519-BB89-41401457233D}"
EndProject
Project("{FAE04EC0-301F-11D3-BF4B-00C04F79EFBC}") = "HIP.Infrastructure", "src\HIP.Infrastructure\HIP.Infrastructure.csproj", "{2DAA45EF-2D02-4A73-9E3B-4FA4F2DCC991}"
EndProject
Project("{FAE04EC0-301F-11D3-BF4B-00C04F79EFBC}") = "HIP.ServiceDefaults", "src\HIP.ServiceDefaults\HIP.ServiceDefaults.csproj", "{AAFC06E6-4DB3-4884-8488-E8A1FD3FE774}"
EndProject
Project("{FAE04EC0-301F-11D3-BF4B-00C04F79EFBC}") = "HIP.AppHost", "src\HIP.AppHost\HIP.AppHost.csproj", "{A91F0229-31C5-4C5B-9C1C-30B2714CE2BA}"
EndProject
Project("{FAE04EC0-301F-11D3-BF4B-00C04F79EFBC}") = "HIP.SandboxWorker", "src\HIP.SandboxWorker\HIP.SandboxWorker.csproj", "{35E45F08-BF86-4942-ACA2-431E6EFE7245}"
EndProject
Project("{FAE04EC0-301F-11D3-BF4B-00C04F79EFBC}") = "HIP.Web", "src\HIP.Web\HIP.Web.csproj", "{E17D74A9-B0FB-4B6F-87DA-34CF1D32E2F5}"
EndProject
Project("{2150E333-8FDC-42A3-9474-1A3956D46DE8}") = "tests", "tests", "{0AB3BF05-4346-4AA6-1389-037BE0695223}"
EndProject
Project("{FAE04EC0-301F-11D3-BF4B-00C04F79EFBC}") = "HIP.Tests", "tests\HIP.Tests\HIP.Tests.csproj", "{9FC5365F-2738-46DA-A4DE-D6CFEF81582D}"
EndProject
Global
	GlobalSection(SolutionConfigurationPlatforms) = preSolution
		Debug|Any CPU = Debug|Any CPU
		Debug|x64 = Debug|x64
		Debug|x86 = Debug|x86
		Release|Any CPU = Release|Any CPU
		Release|x64 = Release|x64
		Release|x86 = Release|x86
	EndGlobalSection
	GlobalSection(ProjectConfigurationPlatforms) = postSolution
		{F99D8F47-1D46-4D63-A4BE-D4B3FF197B7C}.Debug|Any CPU.ActiveCfg = Debug|Any CPU
		{F99D8F47-1D46-4D63-A4BE-D4B3FF197B7C}.Debug|Any CPU.Build.0 = Debug|Any CPU
		{F99D8F47-1D46-4D63-A4BE-D4B3FF197B7C}.Debug|x64.ActiveCfg = Debug|Any CPU
		{F99D8F47-1D46-4D63-A4BE-D4B3FF197B7C}.Debug|x64.Build.0 = Debug|Any CPU
		{F99D8F47-1D46-4D63-A4BE-D4B3FF197B7C}.Debug|x86.ActiveCfg = Debug|Any CPU
		{F99D8F47-1D46-4D63-A4BE-D4B3FF197B7C}.Debug|x86.Build.0 = Debug|Any CPU
		{F99D8F47-1D46-4D63-A4BE-D4B3FF197B7C}.Release|Any CPU.ActiveCfg = Release|Any CPU
		{F99D8F47-1D46-4D63-A4BE-D4B3FF197B7C}.Release|Any CPU.Build.0 = Release|Any CPU
		{F99D8F47-1D46-4D63-A4BE-D4B3FF197B7C}.Release|x64.ActiveCfg = Release|Any CPU
		{F99D8F47-1D46-4D63-A4BE-D4B3FF197B7C}.Release|x64.Build.0 = Release|Any CPU
		{F99D8F47-1D46-4D63-A4BE-D4B3FF197B7C}.Release|x86.ActiveCfg = Release|Any CPU
		{F99D8F47-1D46-4D63-A4BE-D4B3FF197B7C}.Release|x86.Build.0 = Release|Any CPU
		{E4A5C87D-EEEB-47A4-BF0A-D17B19383366}.Debug|Any CPU.ActiveCfg = Debug|Any CPU
		{E4A5C87D-EEEB-47A4-BF0A-D17B19383366}.Debug|Any CPU.Build.0 = Debug|Any CPU
		{E4A5C87D-EEEB-47A4-BF0A-D17B19383366}.Debug|x64.ActiveCfg = Debug|Any CPU
		{E4A5C87D-EEEB-47A4-BF0A-D17B19383366}.Debug|x64.Build.0 = Debug|Any CPU
		{E4A5C87D-EEEB-47A4-BF0A-D17B19383366}.Debug|x86.ActiveCfg = Debug|Any CPU
		{E4A5C87D-EEEB-47A4-BF0A-D17B19383366}.Debug|x86.Build.0 = Debug|Any CPU
		{E4A5C87D-EEEB-47A4-BF0A-D17B19383366}.Release|Any CPU.ActiveCfg = Release|Any CPU
		{E4A5C87D-EEEB-47A4-BF0A-D17B19383366}.Release|Any CPU.Build.0 = Release|Any CPU
		{E4A5C87D-EEEB-47A4-BF0A-D17B19383366}.Release|x64.ActiveCfg = Release|Any CPU
		{E4A5C87D-EEEB-47A4-BF0A-D17B19383366}.Release|x64.Build.0 = Release|Any CPU
		{E4A5C87D-EEEB-47A4-BF0A-D17B19383366}.Release|x86.ActiveCfg = Release|Any CPU
		{E4A5C87D-EEEB-47A4-BF0A-D17B19383366}.Release|x86.Build.0 = Release|Any CPU
		{FA972598-D3BF-4519-BB89-41401457233D}.Debug|Any CPU.ActiveCfg = Debug|Any CPU
		{FA972598-D3BF-4519-BB89-41401457233D}.Debug|Any CPU.Build.0 = Debug|Any CPU
		{FA972598-D3BF-4519-BB89-41401457233D}.Debug|x64.ActiveCfg = Debug|Any CPU
		{FA972598-D3BF-4519-BB89-41401457233D}.Debug|x64.Build.0 = Debug|Any CPU
		{FA972598-D3BF-4519-BB89-41401457233D}.Debug|x86.ActiveCfg = Debug|Any CPU
		{FA972598-D3BF-4519-BB89-41401457233D}.Debug|x86.Build.0 = Debug|Any CPU
		{FA972598-D3BF-4519-BB89-41401457233D}.Release|Any CPU.ActiveCfg = Release|Any CPU
		{FA972598-D3BF-4519-BB89-41401457233D}.Release|Any CPU.Build.0 = Release|Any CPU
		{FA972598-D3BF-4519-BB89-41401457233D}.Release|x64.ActiveCfg = Release|Any CPU
		{FA972598-D3BF-4519-BB89-41401457233D}.Release|x64.Build.0 = Release|Any CPU
		{FA972598-D3BF-4519-BB89-41401457233D}.Release|x86.ActiveCfg = Release|Any CPU
		{FA972598-D3BF-4519-BB89-41401457233D}.Release|x86.Build.0 = Release|Any CPU
		{2DAA45EF-2D02-4A73-9E3B-4FA4F2DCC991}.Debug|Any CPU.ActiveCfg = Debug|Any CPU
		{2DAA45EF-2D02-4A73-9E3B-4FA4F2DCC991}.Debug|Any CPU.Build.0 = Debug|Any CPU
		{2DAA45EF-2D02-4A73-9E3B-4FA4F2DCC991}.Debug|x64.ActiveCfg = Debug|Any CPU
		{2DAA45EF-2D02-4A73-9E3B-4FA4F2DCC991}.Debug|x64.Build.0 = Debug|Any CPU
		{2DAA45EF-2D02-4A73-9E3B-4FA4F2DCC991}.Debug|x86.ActiveCfg = Debug|Any CPU
		{2DAA45EF-2D02-4A73-9E3B-4FA4F2DCC991}.Debug|x86.Build.0 = Debug|Any CPU
		{2DAA45EF-2D02-4A73-9E3B-4FA4F2DCC991}.Release|Any CPU.ActiveCfg = Release|Any CPU
		{2DAA45EF-2D02-4A73-9E3B-4FA4F2DCC991}.Release|Any CPU.Build.0 = Release|Any CPU
		{2DAA45EF-2D02-4A73-9E3B-4FA4F2DCC991}.Release|x64.ActiveCfg = Release|Any CPU
		{2DAA45EF-2D02-4A73-9E3B-4FA4F2DCC991}.Release|x64.Build.0 = Release|Any CPU
		{2DAA45EF-2D02-4A73-9E3B-4FA4F2DCC991}.Release|x86.ActiveCfg = Release|Any CPU
		{2DAA45EF-2D02-4A73-9E3B-4FA4F2DCC991}.Release|x86.Build.0 = Release|Any CPU
		{AAFC06E6-4DB3-4884-8488-E8A1FD3FE774}.Debug|Any CPU.ActiveCfg = Debug|Any CPU
		{AAFC06E6-4DB3-4884-8488-E8A1FD3FE774}.Debug|Any CPU.Build.0 = Debug|Any CPU
		{AAFC06E6-4DB3-4884-8488-E8A1FD3FE774}.Debug|x64.ActiveCfg = Debug|Any CPU
		{AAFC06E6-4DB3-4884-8488-E8A1FD3FE774}.Debug|x64.Build.0 = Debug|Any CPU
		{AAFC06E6-4DB3-4884-8488-E8A1FD3FE774}.Debug|x86.ActiveCfg = Debug|Any CPU
		{AAFC06E6-4DB3-4884-8488-E8A1FD3FE774}.Debug|x86.Build.0 = Debug|Any CPU
		{AAFC06E6-4DB3-4884-8488-E8A1FD3FE774}.Release|Any CPU.ActiveCfg = Release|Any CPU
		{AAFC06E6-4DB3-4884-8488-E8A1FD3FE774}.Release|Any CPU.Build.0 = Release|Any CPU
		{AAFC06E6-4DB3-4884-8488-E8A1FD3FE774}.Release|x64.ActiveCfg = Release|Any CPU
		{AAFC06E6-4DB3-4884-8488-E8A1FD3FE774}.Release|x64.Build.0 = Release|Any CPU
		{AAFC06E6-4DB3-4884-8488-E8A1FD3FE774}.Release|x86.ActiveCfg = Release|Any CPU
		{AAFC06E6-4DB3-4884-8488-E8A1FD3FE774}.Release|x86.Build.0 = Release|Any CPU
		{A91F0229-31C5-4C5B-9C1C-30B2714CE2BA}.Debug|Any CPU.ActiveCfg = Debug|Any CPU
		{A91F0229-31C5-4C5B-9C1C-30B2714CE2BA}.Debug|Any CPU.Build.0 = Debug|Any CPU
		{A91F0229-31C5-4C5B-9C1C-30B2714CE2BA}.Debug|x64.ActiveCfg = Debug|Any CPU
		{A91F0229-31C5-4C5B-9C1C-30B2714CE2BA}.Debug|x64.Build.0 = Debug|Any CPU
		{A91F0229-31C5-4C5B-9C1C-30B2714CE2BA}.Debug|x86.ActiveCfg = Debug|Any CPU
		{A91F0229-31C5-4C5B-9C1C-30B2714CE2BA}.Debug|x86.Build.0 = Debug|Any CPU
		{A91F0229-31C5-4C5B-9C1C-30B2714CE2BA}.Release|Any CPU.ActiveCfg = Release|Any CPU
		{A91F0229-31C5-4C5B-9C1C-30B2714CE2BA}.Release|Any CPU.Build.0 = Release|Any CPU
		{A91F0229-31C5-4C5B-9C1C-30B2714CE2BA}.Release|x64.ActiveCfg = Release|Any CPU
		{A91F0229-31C5-4C5B-9C1C-30B2714CE2BA}.Release|x64.Build.0 = Release|Any CPU
		{A91F0229-31C5-4C5B-9C1C-30B2714CE2BA}.Release|x86.ActiveCfg = Release|Any CPU
		{A91F0229-31C5-4C5B-9C1C-30B2714CE2BA}.Release|x86.Build.0 = Release|Any CPU
		{35E45F08-BF86-4942-ACA2-431E6EFE7245}.Debug|Any CPU.ActiveCfg = Debug|Any CPU
		{35E45F08-BF86-4942-ACA2-431E6EFE7245}.Debug|Any CPU.Build.0 = Debug|Any CPU
		{35E45F08-BF86-4942-ACA2-431E6EFE7245}.Debug|x64.ActiveCfg = Debug|Any CPU
		{35E45F08-BF86-4942-ACA2-431E6EFE7245}.Debug|x64.Build.0 = Debug|Any CPU
		{35E45F08-BF86-4942-ACA2-431E6EFE7245}.Debug|x86.ActiveCfg = Debug|Any CPU
		{35E45F08-BF86-4942-ACA2-431E6EFE7245}.Debug|x86.Build.0 = Debug|Any CPU
		{35E45F08-BF86-4942-ACA2-431E6EFE7245}.Release|Any CPU.ActiveCfg = Release|Any CPU
		{35E45F08-BF86-4942-ACA2-431E6EFE7245}.Release|Any CPU.Build.0 = Release|Any CPU
		{35E45F08-BF86-4942-ACA2-431E6EFE7245}.Release|x64.ActiveCfg = Release|Any CPU
		{35E45F08-BF86-4942-ACA2-431E6EFE7245}.Release|x64.Build.0 = Release|Any CPU
		{35E45F08-BF86-4942-ACA2-431E6EFE7245}.Release|x86.ActiveCfg = Release|Any CPU
		{35E45F08-BF86-4942-ACA2-431E6EFE7245}.Release|x86.Build.0 = Release|Any CPU
		{E17D74A9-B0FB-4B6F-87DA-34CF1D32E2F5}.Debug|Any CPU.ActiveCfg = Debug|Any CPU
		{E17D74A9-B0FB-4B6F-87DA-34CF1D32E2F5}.Debug|Any CPU.Build.0 = Debug|Any CPU
		{E17D74A9-B0FB-4B6F-87DA-34CF1D32E2F5}.Debug|x64.ActiveCfg = Debug|Any CPU
		{E17D74A9-B0FB-4B6F-87DA-34CF1D32E2F5}.Debug|x64.Build.0 = Debug|Any CPU
		{E17D74A9-B0FB-4B6F-87DA-34CF1D32E2F5}.Debug|x86.ActiveCfg = Debug|Any CPU
		{E17D74A9-B0FB-4B6F-87DA-34CF1D32E2F5}.Debug|x86.Build.0 = Debug|Any CPU
		{E17D74A9-B0FB-4B6F-87DA-34CF1D32E2F5}.Release|Any CPU.ActiveCfg = Release|Any CPU
		{E17D74A9-B0FB-4B6F-87DA-34CF1D32E2F5}.Release|Any CPU.Build.0 = Release|Any CPU
		{E17D74A9-B0FB-4B6F-87DA-34CF1D32E2F5}.Release|x64.ActiveCfg = Release|Any CPU
		{E17D74A9-B0FB-4B6F-87DA-34CF1D32E2F5}.Release|x64.Build.0 = Release|Any CPU
		{E17D74A9-B0FB-4B6F-87DA-34CF1D32E2F5}.Release|x86.ActiveCfg = Release|Any CPU
		{E17D74A9-B0FB-4B6F-87DA-34CF1D32E2F5}.Release|x86.Build.0 = Release|Any CPU
		{9FC5365F-2738-46DA-A4DE-D6CFEF81582D}.Debug|Any CPU.ActiveCfg = Debug|Any CPU
		{9FC5365F-2738-46DA-A4DE-D6CFEF81582D}.Debug|Any CPU.Build.0 = Debug|Any CPU
		{9FC5365F-2738-46DA-A4DE-D6CFEF81582D}.Debug|x64.ActiveCfg = Debug|Any CPU
		{9FC5365F-2738-46DA-A4DE-D6CFEF81582D}.Debug|x64.Build.0 = Debug|Any CPU
		{9FC5365F-2738-46DA-A4DE-D6CFEF81582D}.Debug|x86.ActiveCfg = Debug|Any CPU
		{9FC5365F-2738-46DA-A4DE-D6CFEF81582D}.Debug|x86.Build.0 = Debug|Any CPU
		{9FC5365F-2738-46DA-A4DE-D6CFEF81582D}.Release|Any CPU.ActiveCfg = Release|Any CPU
		{9FC5365F-2738-46DA-A4DE-D6CFEF81582D}.Release|Any CPU.Build.0 = Release|Any CPU
		{9FC5365F-2738-46DA-A4DE-D6CFEF81582D}.Release|x64.ActiveCfg = Release|Any CPU
		{9FC5365F-2738-46DA-A4DE-D6CFEF81582D}.Release|x64.Build.0 = Release|Any CPU
		{9FC5365F-2738-46DA-A4DE-D6CFEF81582D}.Release|x86.ActiveCfg = Release|Any CPU
		{9FC5365F-2738-46DA-A4DE-D6CFEF81582D}.Release|x86.Build.0 = Release|Any CPU
	EndGlobalSection
	GlobalSection(SolutionProperties) = preSolution
		HideSolutionNode = FALSE
	EndGlobalSection
	GlobalSection(NestedProjects) = preSolution
		{F99D8F47-1D46-4D63-A4BE-D4B3FF197B7C} = {827E0CD3-B72D-47B6-A68D-7590B98EB39B}
		{E4A5C87D-EEEB-47A4-BF0A-D17B19383366} = {827E0CD3-B72D-47B6-A68D-7590B98EB39B}
		{FA972598-D3BF-4519-BB89-41401457233D} = {827E0CD3-B72D-47B6-A68D-7590B98EB39B}
		{2DAA45EF-2D02-4A73-9E3B-4FA4F2DCC991} = {827E0CD3-B72D-47B6-A68D-7590B98EB39B}
		{AAFC06E6-4DB3-4884-8488-E8A1FD3FE774} = {827E0CD3-B72D-47B6-A68D-7590B98EB39B}
		{A91F0229-31C5-4C5B-9C1C-30B2714CE2BA} = {827E0CD3-B72D-47B6-A68D-7590B98EB39B}
		{35E45F08-BF86-4942-ACA2-431E6EFE7245} = {827E0CD3-B72D-47B6-A68D-7590B98EB39B}
		{E17D74A9-B0FB-4B6F-87DA-34CF1D32E2F5} = {827E0CD3-B72D-47B6-A68D-7590B98EB39B}
		{9FC5365F-2738-46DA-A4DE-D6CFEF81582D} = {0AB3BF05-4346-4AA6-1389-037BE0695223}
	EndGlobalSection
EndGlobal
