
Microsoft Visual Studio Solution File, Format Version 12.00
# Visual Studio Version 17
VisualStudioVersion = 17.0.31903.59
MinimumVisualStudioVersion = 10.0.40219.1
Project("{FAE04EC0-301F-11D3-BF4B-00C04F79EFBC}") = "HIP.AppHost", "HIP.AppHost\HIP.AppHost.csproj", "{3C55B31A-9A66-4A17-9F5E-2F7A39A7F001}"
EndProject
Project("{FAE04EC0-301F-11D3-BF4B-00C04F79EFBC}") = "HIP.ApiService", "HIP.ApiService\HIP.ApiService.csproj", "{3C55B31A-9A66-4A17-9F5E-2F7A39A7F002}"
EndProject
Project("{FAE04EC0-301F-11D3-BF4B-00C04F79EFBC}") = "HIP.Web", "HIP.Web\HIP.Web.csproj", "{3C55B31A-9A66-4A17-9F5E-2F7A39A7F003}"
EndProject
Project("{FAE04EC0-301F-11D3-BF4B-00C04F79EFBC}") = "HIP.Communication", "HIP.Communication\HIP.Communication.csproj", "{3C55B31A-9A66-4A17-9F5E-2F7A39A7F004}"
EndProject
Project("{FAE04EC0-301F-11D3-BF4B-00C04F79EFBC}") = "HIP.Reputation", "HIP.Reputation\HIP.Reputation.csproj", "{3C55B31A-9A66-4A17-9F5E-2F7A39A7F005}"
EndProject
Project("{FAE04EC0-301F-11D3-BF4B-00C04F79EFBC}") = "HIP.ServiceDefaults", "HIP.ServiceDefaults\HIP.ServiceDefaults.csproj", "{3C55B31A-9A66-4A17-9F5E-2F7A39A7F006}"
EndProject
Project("{FAE04EC0-301F-11D3-BF4B-00C04F79EFBC}") = "HIP.Tests", "HIP.Tests\HIP.Tests.csproj", "{3C55B31A-9A66-4A17-9F5E-2F7A39A7F007}"
EndProject
Project("{FAE04EC0-301F-11D3-BF4B-00C04F79EFBC}") = "HIP.Sdk", "HIP.Sdk\HIP.Sdk.csproj", "{ECB8C075-5ECD-4AB5-AC4F-85157BDF38CB}"
EndProject
Project("{FAE04EC0-301F-11D3-BF4B-00C04F79EFBC}") = "HIP.Sdk.Tests", "HIP.Sdk.Tests\HIP.Sdk.Tests.csproj", "{8B7B4961-C150-4513-B23D-A532BBE18DA7}"
EndProject
Project("{FAE04EC0-301F-11D3-BF4B-00C04F79EFBC}") = "HIP.Sdk.Demo", "HIP.Sdk.Demo\HIP.Sdk.Demo.csproj", "{C00ABF13-168D-4CD7-923F-52661B6B10FB}"
EndProject
Project("{FAE04EC0-301F-11D3-BF4B-00C04F79EFBC}") = "HIP.Audit", "HIP.Audit\HIP.Audit.csproj", "{24C4E5B3-2BD4-436E-B8B2-099FF9D235FA}"
EndProject
Project("{FAE04EC0-301F-11D3-BF4B-00C04F79EFBC}") = "HIP.Plugins.Abstractions", "HIP.Plugins.Abstractions\HIP.Plugins.Abstractions.csproj", "{0DDA36E9-18B8-4BF2-B14C-AC3B0B799B98}"
EndProject
Project("{FAE04EC0-301F-11D3-BF4B-00C04F79EFBC}") = "HIP.Plugins.Sample", "HIP.Plugins.Sample\HIP.Plugins.Sample.csproj", "{4F5138B0-5FFF-4098-8CA2-0A9FBCC6F492}"
EndProject
Project("{FAE04EC0-301F-11D3-BF4B-00C04F79EFBC}") = "HIP.Admin", "HIP.Admin\HIP.Admin.csproj", "{D97C1A8F-B87C-4C00-A61D-2E85BD0DC9C7}"
EndProject
Project("{FAE04EC0-301F-11D3-BF4B-00C04F79EFBC}") = "HIP.Proxy", "HIP.Proxy\HIP.Proxy.csproj", "{245E7BC6-4A2A-4266-A0E6-59EFB600C192}"
EndProject
Global
	GlobalSection(SolutionConfigurationPlatforms) = preSolution
		Debug|Any CPU = Debug|Any CPU
		Debug|x64 = Debug|x64
		Debug|x86 = Debug|x86
		Release|Any CPU = Release|Any CPU
		Release|x64 = Release|x64
		Release|x86 = Release|x86
	EndGlobalSection
	GlobalSection(ProjectConfigurationPlatforms) = postSolution
		{3C55B31A-9A66-4A17-9F5E-2F7A39A7F001}.Debug|Any CPU.ActiveCfg = Debug|Any CPU
		{3C55B31A-9A66-4A17-9F5E-2F7A39A7F001}.Debug|Any CPU.Build.0 = Debug|Any CPU
		{3C55B31A-9A66-4A17-9F5E-2F7A39A7F001}.Debug|x64.ActiveCfg = Debug|Any CPU
		{3C55B31A-9A66-4A17-9F5E-2F7A39A7F001}.Debug|x64.Build.0 = Debug|Any CPU
		{3C55B31A-9A66-4A17-9F5E-2F7A39A7F001}.Debug|x86.ActiveCfg = Debug|Any CPU
		{3C55B31A-9A66-4A17-9F5E-2F7A39A7F001}.Debug|x86.Build.0 = Debug|Any CPU
		{3C55B31A-9A66-4A17-9F5E-2F7A39A7F001}.Release|Any CPU.ActiveCfg = Release|Any CPU
		{3C55B31A-9A66-4A17-9F5E-2F7A39A7F001}.Release|Any CPU.Build.0 = Release|Any CPU
		{3C55B31A-9A66-4A17-9F5E-2F7A39A7F001}.Release|x64.ActiveCfg = Release|Any CPU
		{3C55B31A-9A66-4A17-9F5E-2F7A39A7F001}.Release|x64.Build.0 = Release|Any CPU
		{3C55B31A-9A66-4A17-9F5E-2F7A39A7F001}.Release|x86.ActiveCfg = Release|Any CPU
		{3C55B31A-9A66-4A17-9F5E-2F7A39A7F001}.Release|x86.Build.0 = Release|Any CPU
		{3C55B31A-9A66-4A17-9F5E-2F7A39A7F002}.Debug|Any CPU.ActiveCfg = Debug|Any CPU
		{3C55B31A-9A66-4A17-9F5E-2F7A39A7F002}.Debug|Any CPU.Build.0 = Debug|Any CPU
		{3C55B31A-9A66-4A17-9F5E-2F7A39A7F002}.Debug|x64.ActiveCfg = Debug|Any CPU
		{3C55B31A-9A66-4A17-9F5E-2F7A39A7F002}.Debug|x64.Build.0 = Debug|Any CPU
		{3C55B31A-9A66-4A17-9F5E-2F7A39A7F002}.Debug|x86.ActiveCfg = Debug|Any CPU
		{3C55B31A-9A66-4A17-9F5E-2F7A39A7F002}.Debug|x86.Build.0 = Debug|Any CPU
		{3C55B31A-9A66-4A17-9F5E-2F7A39A7F002}.Release|Any CPU.ActiveCfg = Release|Any CPU
		{3C55B31A-9A66-4A17-9F5E-2F7A39A7F002}.Release|Any CPU.Build.0 = Release|Any CPU
		{3C55B31A-9A66-4A17-9F5E-2F7A39A7F002}.Release|x64.ActiveCfg = Release|Any CPU
		{3C55B31A-9A66-4A17-9F5E-2F7A39A7F002}.Release|x64.Build.0 = Release|Any CPU
		{3C55B31A-9A66-4A17-9F5E-2F7A39A7F002}.Release|x86.ActiveCfg = Release|Any CPU
		{3C55B31A-9A66-4A17-9F5E-2F7A39A7F002}.Release|x86.Build.0 = Release|Any CPU
		{3C55B31A-9A66-4A17-9F5E-2F7A39A7F003}.Debug|Any CPU.ActiveCfg = Debug|Any CPU
		{3C55B31A-9A66-4A17-9F5E-2F7A39A7F003}.Debug|Any CPU.Build.0 = Debug|Any CPU
		{3C55B31A-9A66-4A17-9F5E-2F7A39A7F003}.Debug|x64.ActiveCfg = Debug|Any CPU
		{3C55B31A-9A66-4A17-9F5E-2F7A39A7F003}.Debug|x64.Build.0 = Debug|Any CPU
		{3C55B31A-9A66-4A17-9F5E-2F7A39A7F003}.Debug|x86.ActiveCfg = Debug|Any CPU
		{3C55B31A-9A66-4A17-9F5E-2F7A39A7F003}.Debug|x86.Build.0 = Debug|Any CPU
		{3C55B31A-9A66-4A17-9F5E-2F7A39A7F003}.Release|Any CPU.ActiveCfg = Release|Any CPU
		{3C55B31A-9A66-4A17-9F5E-2F7A39A7F003}.Release|Any CPU.Build.0 = Release|Any CPU
		{3C55B31A-9A66-4A17-9F5E-2F7A39A7F003}.Release|x64.ActiveCfg = Release|Any CPU
		{3C55B31A-9A66-4A17-9F5E-2F7A39A7F003}.Release|x64.Build.0 = Release|Any CPU
		{3C55B31A-9A66-4A17-9F5E-2F7A39A7F003}.Release|x86.ActiveCfg = Release|Any CPU
		{3C55B31A-9A66-4A17-9F5E-2F7A39A7F003}.Release|x86.Build.0 = Release|Any CPU
		{3C55B31A-9A66-4A17-9F5E-2F7A39A7F004}.Debug|Any CPU.ActiveCfg = Debug|Any CPU
		{3C55B31A-9A66-4A17-9F5E-2F7A39A7F004}.Debug|Any CPU.Build.0 = Debug|Any CPU
		{3C55B31A-9A66-4A17-9F5E-2F7A39A7F004}.Debug|x64.ActiveCfg = Debug|Any CPU
		{3C55B31A-9A66-4A17-9F5E-2F7A39A7F004}.Debug|x64.Build.0 = Debug|Any CPU
		{3C55B31A-9A66-4A17-9F5E-2F7A39A7F004}.Debug|x86.ActiveCfg = Debug|Any CPU
		{3C55B31A-9A66-4A17-9F5E-2F7A39A7F004}.Debug|x86.Build.0 = Debug|Any CPU
		{3C55B31A-9A66-4A17-9F5E-2F7A39A7F004}.Release|Any CPU.ActiveCfg = Release|Any CPU
		{3C55B31A-9A66-4A17-9F5E-2F7A39A7F004}.Release|Any CPU.Build.0 = Release|Any CPU
		{3C55B31A-9A66-4A17-9F5E-2F7A39A7F004}.Release|x64.ActiveCfg = Release|Any CPU
		{3C55B31A-9A66-4A17-9F5E-2F7A39A7F004}.Release|x64.Build.0 = Release|Any CPU
		{3C55B31A-9A66-4A17-9F5E-2F7A39A7F004}.Release|x86.ActiveCfg = Release|Any CPU
		{3C55B31A-9A66-4A17-9F5E-2F7A39A7F004}.Release|x86.Build.0 = Release|Any CPU
		{3C55B31A-9A66-4A17-9F5E-2F7A39A7F005}.Debug|Any CPU.ActiveCfg = Debug|Any CPU
		{3C55B31A-9A66-4A17-9F5E-2F7A39A7F005}.Debug|Any CPU.Build.0 = Debug|Any CPU
		{3C55B31A-9A66-4A17-9F5E-2F7A39A7F005}.Debug|x64.ActiveCfg = Debug|Any CPU
		{3C55B31A-9A66-4A17-9F5E-2F7A39A7F005}.Debug|x64.Build.0 = Debug|Any CPU
		{3C55B31A-9A66-4A17-9F5E-2F7A39A7F005}.Debug|x86.ActiveCfg = Debug|Any CPU
		{3C55B31A-9A66-4A17-9F5E-2F7A39A7F005}.Debug|x86.Build.0 = Debug|Any CPU
		{3C55B31A-9A66-4A17-9F5E-2F7A39A7F005}.Release|Any CPU.ActiveCfg = Release|Any CPU
		{3C55B31A-9A66-4A17-9F5E-2F7A39A7F005}.Release|Any CPU.Build.0 = Release|Any CPU
		{3C55B31A-9A66-4A17-9F5E-2F7A39A7F005}.Release|x64.ActiveCfg = Release|Any CPU
		{3C55B31A-9A66-4A17-9F5E-2F7A39A7F005}.Release|x64.Build.0 = Release|Any CPU
		{3C55B31A-9A66-4A17-9F5E-2F7A39A7F005}.Release|x86.ActiveCfg = Release|Any CPU
		{3C55B31A-9A66-4A17-9F5E-2F7A39A7F005}.Release|x86.Build.0 = Release|Any CPU
		{3C55B31A-9A66-4A17-9F5E-2F7A39A7F006}.Debug|Any CPU.ActiveCfg = Debug|Any CPU
		{3C55B31A-9A66-4A17-9F5E-2F7A39A7F006}.Debug|Any CPU.Build.0 = Debug|Any CPU
		{3C55B31A-9A66-4A17-9F5E-2F7A39A7F006}.Debug|x64.ActiveCfg = Debug|Any CPU
		{3C55B31A-9A66-4A17-9F5E-2F7A39A7F006}.Debug|x64.Build.0 = Debug|Any CPU
		{3C55B31A-9A66-4A17-9F5E-2F7A39A7F006}.Debug|x86.ActiveCfg = Debug|Any CPU
		{3C55B31A-9A66-4A17-9F5E-2F7A39A7F006}.Debug|x86.Build.0 = Debug|Any CPU
		{3C55B31A-9A66-4A17-9F5E-2F7A39A7F006}.Release|Any CPU.ActiveCfg = Release|Any CPU
		{3C55B31A-9A66-4A17-9F5E-2F7A39A7F006}.Release|Any CPU.Build.0 = Release|Any CPU
		{3C55B31A-9A66-4A17-9F5E-2F7A39A7F006}.Release|x64.ActiveCfg = Release|Any CPU
		{3C55B31A-9A66-4A17-9F5E-2F7A39A7F006}.Release|x64.Build.0 = Release|Any CPU
		{3C55B31A-9A66-4A17-9F5E-2F7A39A7F006}.Release|x86.ActiveCfg = Release|Any CPU
		{3C55B31A-9A66-4A17-9F5E-2F7A39A7F006}.Release|x86.Build.0 = Release|Any CPU
		{3C55B31A-9A66-4A17-9F5E-2F7A39A7F007}.Debug|Any CPU.ActiveCfg = Debug|Any CPU
		{3C55B31A-9A66-4A17-9F5E-2F7A39A7F007}.Debug|Any CPU.Build.0 = Debug|Any CPU
		{3C55B31A-9A66-4A17-9F5E-2F7A39A7F007}.Debug|x64.ActiveCfg = Debug|Any CPU
		{3C55B31A-9A66-4A17-9F5E-2F7A39A7F007}.Debug|x64.Build.0 = Debug|Any CPU
		{3C55B31A-9A66-4A17-9F5E-2F7A39A7F007}.Debug|x86.ActiveCfg = Debug|Any CPU
		{3C55B31A-9A66-4A17-9F5E-2F7A39A7F007}.Debug|x86.Build.0 = Debug|Any CPU
		{3C55B31A-9A66-4A17-9F5E-2F7A39A7F007}.Release|Any CPU.ActiveCfg = Release|Any CPU
		{3C55B31A-9A66-4A17-9F5E-2F7A39A7F007}.Release|Any CPU.Build.0 = Release|Any CPU
		{3C55B31A-9A66-4A17-9F5E-2F7A39A7F007}.Release|x64.ActiveCfg = Release|Any CPU
		{3C55B31A-9A66-4A17-9F5E-2F7A39A7F007}.Release|x64.Build.0 = Release|Any CPU
		{3C55B31A-9A66-4A17-9F5E-2F7A39A7F007}.Release|x86.ActiveCfg = Release|Any CPU
		{3C55B31A-9A66-4A17-9F5E-2F7A39A7F007}.Release|x86.Build.0 = Release|Any CPU
		{ECB8C075-5ECD-4AB5-AC4F-85157BDF38CB}.Debug|Any CPU.ActiveCfg = Debug|Any CPU
		{ECB8C075-5ECD-4AB5-AC4F-85157BDF38CB}.Debug|Any CPU.Build.0 = Debug|Any CPU
		{ECB8C075-5ECD-4AB5-AC4F-85157BDF38CB}.Debug|x64.ActiveCfg = Debug|Any CPU
		{ECB8C075-5ECD-4AB5-AC4F-85157BDF38CB}.Debug|x64.Build.0 = Debug|Any CPU
		{ECB8C075-5ECD-4AB5-AC4F-85157BDF38CB}.Debug|x86.ActiveCfg = Debug|Any CPU
		{ECB8C075-5ECD-4AB5-AC4F-85157BDF38CB}.Debug|x86.Build.0 = Debug|Any CPU
		{ECB8C075-5ECD-4AB5-AC4F-85157BDF38CB}.Release|Any CPU.ActiveCfg = Release|Any CPU
		{ECB8C075-5ECD-4AB5-AC4F-85157BDF38CB}.Release|Any CPU.Build.0 = Release|Any CPU
		{ECB8C075-5ECD-4AB5-AC4F-85157BDF38CB}.Release|x64.ActiveCfg = Release|Any CPU
		{ECB8C075-5ECD-4AB5-AC4F-85157BDF38CB}.Release|x64.Build.0 = Release|Any CPU
		{ECB8C075-5ECD-4AB5-AC4F-85157BDF38CB}.Release|x86.ActiveCfg = Release|Any CPU
		{ECB8C075-5ECD-4AB5-AC4F-85157BDF38CB}.Release|x86.Build.0 = Release|Any CPU
		{8B7B4961-C150-4513-B23D-A532BBE18DA7}.Debug|Any CPU.ActiveCfg = Debug|Any CPU
		{8B7B4961-C150-4513-B23D-A532BBE18DA7}.Debug|Any CPU.Build.0 = Debug|Any CPU
		{8B7B4961-C150-4513-B23D-A532BBE18DA7}.Debug|x64.ActiveCfg = Debug|Any CPU
		{8B7B4961-C150-4513-B23D-A532BBE18DA7}.Debug|x64.Build.0 = Debug|Any CPU
		{8B7B4961-C150-4513-B23D-A532BBE18DA7}.Debug|x86.ActiveCfg = Debug|Any CPU
		{8B7B4961-C150-4513-B23D-A532BBE18DA7}.Debug|x86.Build.0 = Debug|Any CPU
		{8B7B4961-C150-4513-B23D-A532BBE18DA7}.Release|Any CPU.ActiveCfg = Release|Any CPU
		{8B7B4961-C150-4513-B23D-A532BBE18DA7}.Release|Any CPU.Build.0 = Release|Any CPU
		{8B7B4961-C150-4513-B23D-A532BBE18DA7}.Release|x64.ActiveCfg = Release|Any CPU
		{8B7B4961-C150-4513-B23D-A532BBE18DA7}.Release|x64.Build.0 = Release|Any CPU
		{8B7B4961-C150-4513-B23D-A532BBE18DA7}.Release|x86.ActiveCfg = Release|Any CPU
		{8B7B4961-C150-4513-B23D-A532BBE18DA7}.Release|x86.Build.0 = Release|Any CPU
		{C00ABF13-168D-4CD7-923F-52661B6B10FB}.Debug|Any CPU.ActiveCfg = Debug|Any CPU
		{C00ABF13-168D-4CD7-923F-52661B6B10FB}.Debug|Any CPU.Build.0 = Debug|Any CPU
		{C00ABF13-168D-4CD7-923F-52661B6B10FB}.Debug|x64.ActiveCfg = Debug|Any CPU
		{C00ABF13-168D-4CD7-923F-52661B6B10FB}.Debug|x64.Build.0 = Debug|Any CPU
		{C00ABF13-168D-4CD7-923F-52661B6B10FB}.Debug|x86.ActiveCfg = Debug|Any CPU
		{C00ABF13-168D-4CD7-923F-52661B6B10FB}.Debug|x86.Build.0 = Debug|Any CPU
		{C00ABF13-168D-4CD7-923F-52661B6B10FB}.Release|Any CPU.ActiveCfg = Release|Any CPU
		{C00ABF13-168D-4CD7-923F-52661B6B10FB}.Release|Any CPU.Build.0 = Release|Any CPU
		{C00ABF13-168D-4CD7-923F-52661B6B10FB}.Release|x64.ActiveCfg = Release|Any CPU
		{C00ABF13-168D-4CD7-923F-52661B6B10FB}.Release|x64.Build.0 = Release|Any CPU
		{C00ABF13-168D-4CD7-923F-52661B6B10FB}.Release|x86.ActiveCfg = Release|Any CPU
		{C00ABF13-168D-4CD7-923F-52661B6B10FB}.Release|x86.Build.0 = Release|Any CPU
		{24C4E5B3-2BD4-436E-B8B2-099FF9D235FA}.Debug|Any CPU.ActiveCfg = Debug|Any CPU
		{24C4E5B3-2BD4-436E-B8B2-099FF9D235FA}.Debug|Any CPU.Build.0 = Debug|Any CPU
		{24C4E5B3-2BD4-436E-B8B2-099FF9D235FA}.Debug|x64.ActiveCfg = Debug|Any CPU
		{24C4E5B3-2BD4-436E-B8B2-099FF9D235FA}.Debug|x64.Build.0 = Debug|Any CPU
		{24C4E5B3-2BD4-436E-B8B2-099FF9D235FA}.Debug|x86.ActiveCfg = Debug|Any CPU
		{24C4E5B3-2BD4-436E-B8B2-099FF9D235FA}.Debug|x86.Build.0 = Debug|Any CPU
		{24C4E5B3-2BD4-436E-B8B2-099FF9D235FA}.Release|Any CPU.ActiveCfg = Release|Any CPU
		{24C4E5B3-2BD4-436E-B8B2-099FF9D235FA}.Release|Any CPU.Build.0 = Release|Any CPU
		{24C4E5B3-2BD4-436E-B8B2-099FF9D235FA}.Release|x64.ActiveCfg = Release|Any CPU
		{24C4E5B3-2BD4-436E-B8B2-099FF9D235FA}.Release|x64.Build.0 = Release|Any CPU
		{24C4E5B3-2BD4-436E-B8B2-099FF9D235FA}.Release|x86.ActiveCfg = Release|Any CPU
		{24C4E5B3-2BD4-436E-B8B2-099FF9D235FA}.Release|x86.Build.0 = Release|Any CPU
		{0DDA36E9-18B8-4BF2-B14C-AC3B0B799B98}.Debug|Any CPU.ActiveCfg = Debug|Any CPU
		{0DDA36E9-18B8-4BF2-B14C-AC3B0B799B98}.Debug|Any CPU.Build.0 = Debug|Any CPU
		{0DDA36E9-18B8-4BF2-B14C-AC3B0B799B98}.Debug|x64.ActiveCfg = Debug|Any CPU
		{0DDA36E9-18B8-4BF2-B14C-AC3B0B799B98}.Debug|x64.Build.0 = Debug|Any CPU
		{0DDA36E9-18B8-4BF2-B14C-AC3B0B799B98}.Debug|x86.ActiveCfg = Debug|Any CPU
		{0DDA36E9-18B8-4BF2-B14C-AC3B0B799B98}.Debug|x86.Build.0 = Debug|Any CPU
		{0DDA36E9-18B8-4BF2-B14C-AC3B0B799B98}.Release|Any CPU.ActiveCfg = Release|Any CPU
		{0DDA36E9-18B8-4BF2-B14C-AC3B0B799B98}.Release|Any CPU.Build.0 = Release|Any CPU
		{0DDA36E9-18B8-4BF2-B14C-AC3B0B799B98}.Release|x64.ActiveCfg = Release|Any CPU
		{0DDA36E9-18B8-4BF2-B14C-AC3B0B799B98}.Release|x64.Build.0 = Release|Any CPU
		{0DDA36E9-18B8-4BF2-B14C-AC3B0B799B98}.Release|x86.ActiveCfg = Release|Any CPU
		{0DDA36E9-18B8-4BF2-B14C-AC3B0B799B98}.Release|x86.Build.0 = Release|Any CPU
		{4F5138B0-5FFF-4098-8CA2-0A9FBCC6F492}.Debug|Any CPU.ActiveCfg = Debug|Any CPU
		{4F5138B0-5FFF-4098-8CA2-0A9FBCC6F492}.Debug|Any CPU.Build.0 = Debug|Any CPU
		{4F5138B0-5FFF-4098-8CA2-0A9FBCC6F492}.Debug|x64.ActiveCfg = Debug|Any CPU
		{4F5138B0-5FFF-4098-8CA2-0A9FBCC6F492}.Debug|x64.Build.0 = Debug|Any CPU
		{4F5138B0-5FFF-4098-8CA2-0A9FBCC6F492}.Debug|x86.ActiveCfg = Debug|Any CPU
		{4F5138B0-5FFF-4098-8CA2-0A9FBCC6F492}.Debug|x86.Build.0 = Debug|Any CPU
		{4F5138B0-5FFF-4098-8CA2-0A9FBCC6F492}.Release|Any CPU.ActiveCfg = Release|Any CPU
		{4F5138B0-5FFF-4098-8CA2-0A9FBCC6F492}.Release|Any CPU.Build.0 = Release|Any CPU
		{4F5138B0-5FFF-4098-8CA2-0A9FBCC6F492}.Release|x64.ActiveCfg = Release|Any CPU
		{4F5138B0-5FFF-4098-8CA2-0A9FBCC6F492}.Release|x64.Build.0 = Release|Any CPU
		{4F5138B0-5FFF-4098-8CA2-0A9FBCC6F492}.Release|x86.ActiveCfg = Release|Any CPU
		{4F5138B0-5FFF-4098-8CA2-0A9FBCC6F492}.Release|x86.Build.0 = Release|Any CPU
		{D97C1A8F-B87C-4C00-A61D-2E85BD0DC9C7}.Debug|Any CPU.ActiveCfg = Debug|Any CPU
		{D97C1A8F-B87C-4C00-A61D-2E85BD0DC9C7}.Debug|Any CPU.Build.0 = Debug|Any CPU
		{D97C1A8F-B87C-4C00-A61D-2E85BD0DC9C7}.Debug|x64.ActiveCfg = Debug|Any CPU
		{D97C1A8F-B87C-4C00-A61D-2E85BD0DC9C7}.Debug|x64.Build.0 = Debug|Any CPU
		{D97C1A8F-B87C-4C00-A61D-2E85BD0DC9C7}.Debug|x86.ActiveCfg = Debug|Any CPU
		{D97C1A8F-B87C-4C00-A61D-2E85BD0DC9C7}.Debug|x86.Build.0 = Debug|Any CPU
		{D97C1A8F-B87C-4C00-A61D-2E85BD0DC9C7}.Release|Any CPU.ActiveCfg = Release|Any CPU
		{D97C1A8F-B87C-4C00-A61D-2E85BD0DC9C7}.Release|Any CPU.Build.0 = Release|Any CPU
		{D97C1A8F-B87C-4C00-A61D-2E85BD0DC9C7}.Release|x64.ActiveCfg = Release|Any CPU
		{D97C1A8F-B87C-4C00-A61D-2E85BD0DC9C7}.Release|x64.Build.0 = Release|Any CPU
		{D97C1A8F-B87C-4C00-A61D-2E85BD0DC9C7}.Release|x86.ActiveCfg = Release|Any CPU
		{D97C1A8F-B87C-4C00-A61D-2E85BD0DC9C7}.Release|x86.Build.0 = Release|Any CPU
		{245E7BC6-4A2A-4266-A0E6-59EFB600C192}.Debug|Any CPU.ActiveCfg = Debug|Any CPU
		{245E7BC6-4A2A-4266-A0E6-59EFB600C192}.Debug|Any CPU.Build.0 = Debug|Any CPU
		{245E7BC6-4A2A-4266-A0E6-59EFB600C192}.Debug|x64.ActiveCfg = Debug|Any CPU
		{245E7BC6-4A2A-4266-A0E6-59EFB600C192}.Debug|x64.Build.0 = Debug|Any CPU
		{245E7BC6-4A2A-4266-A0E6-59EFB600C192}.Debug|x86.ActiveCfg = Debug|Any CPU
		{245E7BC6-4A2A-4266-A0E6-59EFB600C192}.Debug|x86.Build.0 = Debug|Any CPU
		{245E7BC6-4A2A-4266-A0E6-59EFB600C192}.Release|Any CPU.ActiveCfg = Release|Any CPU
		{245E7BC6-4A2A-4266-A0E6-59EFB600C192}.Release|Any CPU.Build.0 = Release|Any CPU
		{245E7BC6-4A2A-4266-A0E6-59EFB600C192}.Release|x64.ActiveCfg = Release|Any CPU
		{245E7BC6-4A2A-4266-A0E6-59EFB600C192}.Release|x64.Build.0 = Release|Any CPU
		{245E7BC6-4A2A-4266-A0E6-59EFB600C192}.Release|x86.ActiveCfg = Release|Any CPU
		{245E7BC6-4A2A-4266-A0E6-59EFB600C192}.Release|x86.Build.0 = Release|Any CPU
	EndGlobalSection
	GlobalSection(SolutionProperties) = preSolution
		HideSolutionNode = FALSE
	EndGlobalSection
EndGlobal
