
Microsoft Visual Studio Solution File, Format Version 12.00
# Visual Studio Version 17
VisualStudioVersion = 17.0.31903.59
MinimumVisualStudioVersion = 10.0.40219.1
Project("{FAE04EC0-301F-11D3-BF4B-00C04F79EFBC}") = "HIP.AppHost", "HIP.AppHost\HIP.AppHost.csproj", "{3C55B31A-9A66-4A17-9F5E-2F7A39A7F001}"
EndProject
Project("{FAE04EC0-301F-11D3-BF4B-00C04F79EFBC}") = "HIP.ApiService", "HIP.ApiService\HIP.ApiService.csproj", "{3C55B31A-9A66-4A17-9F5E-2F7A39A7F002}"
EndProject
Project("{FAE04EC0-301F-11D3-BF4B-00C04F79EFBC}") = "HIP.Web", "HIP.Web\HIP.Web.csproj", "{3C55B31A-9A66-4A17-9F5E-2F7A39A7F003}"
EndProject
Project("{FAE04EC0-301F-11D3-BF4B-00C04F79EFBC}") = "HIP.Communication", "HIP.Communication\HIP.Communication.csproj", "{3C55B31A-9A66-4A17-9F5E-2F7A39A7F004}"
EndProject
Project("{FAE04EC0-301F-11D3-BF4B-00C04F79EFBC}") = "HIP.Reputation", "HIP.Reputation\HIP.Reputation.csproj", "{3C55B31A-9A66-4A17-9F5E-2F7A39A7F005}"
EndProject
Project("{FAE04EC0-301F-11D3-BF4B-00C04F79EFBC}") = "HIP.ServiceDefaults", "HIP.ServiceDefaults\HIP.ServiceDefaults.csproj", "{3C55B31A-9A66-4A17-9F5E-2F7A39A7F006}"
EndProject
Project("{FAE04EC0-301F-11D3-BF4B-00C04F79EFBC}") = "HIP.Tests", "HIP.Tests\HIP.Tests.csproj", "{3C55B31A-9A66-4A17-9F5E-2F7A39A7F007}"
EndProject
Project("{FAE04EC0-301F-11D3-BF4B-00C04F79EFBC}") = "HIP.Sdk", "HIP.Sdk\HIP.Sdk.csproj", "{ECB8C075-5ECD-4AB5-AC4F-85157BDF38CB}"
EndProject
Project("{FAE04EC0-301F-11D3-BF4B-00C04F79EFBC}") = "HIP.Sdk.Tests", "HIP.Sdk.Tests\HIP.Sdk.Tests.csproj", "{8B7B4961-C150-4513-B23D-A532BBE18DA7}"
EndProject
Project("{FAE04EC0-301F-11D3-BF4B-00C04F79EFBC}") = "HIP.Sdk.Demo", "HIP.Sdk.Demo\HIP.Sdk.Demo.csproj", "{C00ABF13-168D-4CD7-923F-52661B6B10FB}"
EndProject
Project("{FAE04EC0-301F-11D3-BF4B-00C04F79EFBC}") = "HIP.Audit", "HIP.Audit\HIP.Audit.csproj", "{24C4E5B3-2BD4-436E-B8B2-099FF9D235FA}"
EndProject
Project("{FAE04EC0-301F-11D3-BF4B-00C04F79EFBC}") = "HIP.Plugins.Abstractions", "HIP.Plugins.Abstractions\HIP.Plugins.Abstractions.csproj", "{0DDA36E9-18B8-4BF2-B14C-AC3B0B799B98}"
EndProject
Project("{FAE04EC0-301F-11D3-BF4B-00C04F79EFBC}") = "HIP.Plugins.Sample", "HIP.Plugins.Sample\HIP.Plugins.Sample.csproj", "{4F5138B0-5FFF-4098-8CA2-0A9FBCC6F492}"
EndProject
Project("{FAE04EC0-301F-11D3-BF4B-00C04F79EFBC}") = "HIP.Admin", "HIP.Admin\HIP.Admin.csproj", "{D97C1A8F-B87C-4C00-A61D-2E85BD0DC9C7}"
EndProject
Project("{FAE04EC0-301F-11D3-BF4B-00C04F79EFBC}") = "HIP.Proxy", "HIP.Proxy\HIP.Proxy.csproj", "{245E7BC6-4A2A-4266-A0E6-59EFB600C192}"
EndProject
Project("{FAE04EC0-301F-11D3-BF4B-00C04F79EFBC}") = "HIP.Simulator.Core", "HIP.Simulator.Core\HIP.Simulator.Core.csproj", "{8ACBDB59-00E7-45A9-957E-2161001937BA}"
EndProject
Project("{FAE04EC0-301F-11D3-BF4B-00C04F79EFBC}") = "HIP.Simulator.Cli", "HIP.Simulator.Cli\HIP.Simulator.Cli.csproj", "{4346A0D1-F634-40F4-80C8-D73EAFA5D055}"
EndProject
Project("{FAE04EC0-301F-11D3-BF4B-00C04F79EFBC}") = "HIP.Simulator.Tests", "HIP.Simulator.Tests\HIP.Simulator.Tests.csproj", "{8A3F9B28-BA29-4EE1-908D-81DBA11EFF7D}"
EndProject
Project("{FAE04EC0-301F-11D3-BF4B-00C04F79EFBC}") = "HIP.Protocol", "HIP.Protocol\HIP.Protocol.csproj", "{B236F4FC-CFBA-4C4F-8903-8FB7CC19F6F7}"
EndProject
Project("{FAE04EC0-301F-11D3-BF4B-00C04F79EFBC}") = "HIP.Protocol.Security", "HIP.Protocol.Security\HIP.Protocol.Security.csproj", "{B0951145-C0B6-4C2C-926C-548482843A5C}"
EndProject
Project("{FAE04EC0-301F-11D3-BF4B-00C04F79EFBC}") = "HIP.Protocol.Transport.Http", "HIP.Protocol.Transport.Http\HIP.Protocol.Transport.Http.csproj", "{20211D1B-FD1D-49FC-86AF-8A08C1127D93}"
EndProject
Project("{FAE04EC0-301F-11D3-BF4B-00C04F79EFBC}") = "HIP.Protocol.Tests", "HIP.Protocol.Tests\HIP.Protocol.Tests.csproj", "{04BB0804-0A67-45BF-957A-A26AC45E6153}"
EndProject
Project("{FAE04EC0-301F-11D3-BF4B-00C04F79EFBC}") = "HIP.Protocol.Benchmarks", "HIP.Protocol.Benchmarks\HIP.Protocol.Benchmarks.csproj", "{A4C7800A-FE34-450F-A66B-DA47FC090EDA}"
EndProject
Project("{FAE04EC0-301F-11D3-BF4B-00C04F79EFBC}") = "HIP.Security.Domain", "HIP.Security.Domain\HIP.Security.Domain.csproj", "{BFD5ACE0-28CF-4EC3-98F1-8F5FEDF0FDC2}"
EndProject
Project("{FAE04EC0-301F-11D3-BF4B-00C04F79EFBC}") = "HIP.Security.Application", "HIP.Security.Application\HIP.Security.Application.csproj", "{29E62522-BE59-487A-8EC9-6F2CBCE653A4}"
EndProject
Project("{FAE04EC0-301F-11D3-BF4B-00C04F79EFBC}") = "HIP.Security.Infrastructure", "HIP.Security.Infrastructure\HIP.Security.Infrastructure.csproj", "{858EEF7D-8B77-4EB9-AC10-3F752C434A2A}"
EndProject
Project("{FAE04EC0-301F-11D3-BF4B-00C04F79EFBC}") = "HIP.Security.PolicyEngine", "HIP.Security.PolicyEngine\HIP.Security.PolicyEngine.csproj", "{A00C88C8-3905-4D0A-AACB-7C22ECD16787}"
EndProject
Project("{FAE04EC0-301F-11D3-BF4B-00C04F79EFBC}") = "HIP.Security.Simulator", "HIP.Security.Simulator\HIP.Security.Simulator.csproj", "{DCD45D51-BA4A-44B3-BBFE-CDC4D383224B}"
EndProject
Project("{FAE04EC0-301F-11D3-BF4B-00C04F79EFBC}") = "HIP.Security.Api", "HIP.Security.Api\HIP.Security.Api.csproj", "{45D2BE78-28A8-49A5-B42D-1FB34C06B241}"
EndProject
Project("{FAE04EC0-301F-11D3-BF4B-00C04F79EFBC}") = "HIP.Security.Cli", "HIP.Security.Cli\HIP.Security.Cli.csproj", "{BDA9D277-0EAB-4597-AD84-DCC1539CAB49}"
EndProject
Project("{FAE04EC0-301F-11D3-BF4B-00C04F79EFBC}") = "HIP.Security.Tests", "HIP.Security.Tests\HIP.Security.Tests.csproj", "{6E0EFFA9-2D41-4985-8F51-1A8F6ED1C732}"
EndProject
Project("{FAE04EC0-301F-11D3-BF4B-00C04F79EFBC}") = "HIP.RateLimitGuard", "HIP.RateLimitGuard\HIP.RateLimitGuard.csproj", "{8FA01E74-14E9-485C-B9C3-1B638781B9EB}"
EndProject
Project("{FAE04EC0-301F-11D3-BF4B-00C04F79EFBC}") = "HIP.RateLimitGuard.Tests", "HIP.RateLimitGuard.Tests\HIP.RateLimitGuard.Tests.csproj", "{74C9FA61-8624-4AB7-8EBA-529DBB566D43}"
EndProject
Project("{FAE04EC0-301F-11D3-BF4B-00C04F79EFBC}") = "HIP.Agent.Worker", "HIP.Agent.Worker\HIP.Agent.Worker.csproj", "{3DA88F90-7CC1-4584-BC48-1BE971467DAF}"
EndProject
Global
	GlobalSection(SolutionConfigurationPlatforms) = preSolution
		Debug|Any CPU = Debug|Any CPU
		Debug|x64 = Debug|x64
		Debug|x86 = Debug|x86
		Release|Any CPU = Release|Any CPU
		Release|x64 = Release|x64
		Release|x86 = Release|x86
	EndGlobalSection
	GlobalSection(ProjectConfigurationPlatforms) = postSolution
		{3C55B31A-9A66-4A17-9F5E-2F7A39A7F001}.Debug|Any CPU.ActiveCfg = Debug|Any CPU
		{3C55B31A-9A66-4A17-9F5E-2F7A39A7F001}.Debug|Any CPU.Build.0 = Debug|Any CPU
		{3C55B31A-9A66-4A17-9F5E-2F7A39A7F001}.Debug|x64.ActiveCfg = Debug|Any CPU
		{3C55B31A-9A66-4A17-9F5E-2F7A39A7F001}.Debug|x64.Build.0 = Debug|Any CPU
		{3C55B31A-9A66-4A17-9F5E-2F7A39A7F001}.Debug|x86.ActiveCfg = Debug|Any CPU
		{3C55B31A-9A66-4A17-9F5E-2F7A39A7F001}.Debug|x86.Build.0 = Debug|Any CPU
		{3C55B31A-9A66-4A17-9F5E-2F7A39A7F001}.Release|Any CPU.ActiveCfg = Release|Any CPU
		{3C55B31A-9A66-4A17-9F5E-2F7A39A7F001}.Release|Any CPU.Build.0 = Release|Any CPU
		{3C55B31A-9A66-4A17-9F5E-2F7A39A7F001}.Release|x64.ActiveCfg = Release|Any CPU
		{3C55B31A-9A66-4A17-9F5E-2F7A39A7F001}.Release|x64.Build.0 = Release|Any CPU
		{3C55B31A-9A66-4A17-9F5E-2F7A39A7F001}.Release|x86.ActiveCfg = Release|Any CPU
		{3C55B31A-9A66-4A17-9F5E-2F7A39A7F001}.Release|x86.Build.0 = Release|Any CPU
		{3C55B31A-9A66-4A17-9F5E-2F7A39A7F002}.Debug|Any CPU.ActiveCfg = Debug|Any CPU
		{3C55B31A-9A66-4A17-9F5E-2F7A39A7F002}.Debug|Any CPU.Build.0 = Debug|Any CPU
		{3C55B31A-9A66-4A17-9F5E-2F7A39A7F002}.Debug|x64.ActiveCfg = Debug|Any CPU
		{3C55B31A-9A66-4A17-9F5E-2F7A39A7F002}.Debug|x64.Build.0 = Debug|Any CPU
		{3C55B31A-9A66-4A17-9F5E-2F7A39A7F002}.Debug|x86.ActiveCfg = Debug|Any CPU
		{3C55B31A-9A66-4A17-9F5E-2F7A39A7F002}.Debug|x86.Build.0 = Debug|Any CPU
		{3C55B31A-9A66-4A17-9F5E-2F7A39A7F002}.Release|Any CPU.ActiveCfg = Release|Any CPU
		{3C55B31A-9A66-4A17-9F5E-2F7A39A7F002}.Release|Any CPU.Build.0 = Release|Any CPU
		{3C55B31A-9A66-4A17-9F5E-2F7A39A7F002}.Release|x64.ActiveCfg = Release|Any CPU
		{3C55B31A-9A66-4A17-9F5E-2F7A39A7F002}.Release|x64.Build.0 = Release|Any CPU
		{3C55B31A-9A66-4A17-9F5E-2F7A39A7F002}.Release|x86.ActiveCfg = Release|Any CPU
		{3C55B31A-9A66-4A17-9F5E-2F7A39A7F002}.Release|x86.Build.0 = Release|Any CPU
		{3C55B31A-9A66-4A17-9F5E-2F7A39A7F003}.Debug|Any CPU.ActiveCfg = Debug|Any CPU
		{3C55B31A-9A66-4A17-9F5E-2F7A39A7F003}.Debug|Any CPU.Build.0 = Debug|Any CPU
		{3C55B31A-9A66-4A17-9F5E-2F7A39A7F003}.Debug|x64.ActiveCfg = Debug|Any CPU
		{3C55B31A-9A66-4A17-9F5E-2F7A39A7F003}.Debug|x64.Build.0 = Debug|Any CPU
		{3C55B31A-9A66-4A17-9F5E-2F7A39A7F003}.Debug|x86.ActiveCfg = Debug|Any CPU
		{3C55B31A-9A66-4A17-9F5E-2F7A39A7F003}.Debug|x86.Build.0 = Debug|Any CPU
		{3C55B31A-9A66-4A17-9F5E-2F7A39A7F003}.Release|Any CPU.ActiveCfg = Release|Any CPU
		{3C55B31A-9A66-4A17-9F5E-2F7A39A7F003}.Release|Any CPU.Build.0 = Release|Any CPU
		{3C55B31A-9A66-4A17-9F5E-2F7A39A7F003}.Release|x64.ActiveCfg = Release|Any CPU
		{3C55B31A-9A66-4A17-9F5E-2F7A39A7F003}.Release|x64.Build.0 = Release|Any CPU
		{3C55B31A-9A66-4A17-9F5E-2F7A39A7F003}.Release|x86.ActiveCfg = Release|Any CPU
		{3C55B31A-9A66-4A17-9F5E-2F7A39A7F003}.Release|x86.Build.0 = Release|Any CPU
		{3C55B31A-9A66-4A17-9F5E-2F7A39A7F004}.Debug|Any CPU.ActiveCfg = Debug|Any CPU
		{3C55B31A-9A66-4A17-9F5E-2F7A39A7F004}.Debug|Any CPU.Build.0 = Debug|Any CPU
		{3C55B31A-9A66-4A17-9F5E-2F7A39A7F004}.Debug|x64.ActiveCfg = Debug|Any CPU
		{3C55B31A-9A66-4A17-9F5E-2F7A39A7F004}.Debug|x64.Build.0 = Debug|Any CPU
		{3C55B31A-9A66-4A17-9F5E-2F7A39A7F004}.Debug|x86.ActiveCfg = Debug|Any CPU
		{3C55B31A-9A66-4A17-9F5E-2F7A39A7F004}.Debug|x86.Build.0 = Debug|Any CPU
		{3C55B31A-9A66-4A17-9F5E-2F7A39A7F004}.Release|Any CPU.ActiveCfg = Release|Any CPU
		{3C55B31A-9A66-4A17-9F5E-2F7A39A7F004}.Release|Any CPU.Build.0 = Release|Any CPU
		{3C55B31A-9A66-4A17-9F5E-2F7A39A7F004}.Release|x64.ActiveCfg = Release|Any CPU
		{3C55B31A-9A66-4A17-9F5E-2F7A39A7F004}.Release|x64.Build.0 = Release|Any CPU
		{3C55B31A-9A66-4A17-9F5E-2F7A39A7F004}.Release|x86.ActiveCfg = Release|Any CPU
		{3C55B31A-9A66-4A17-9F5E-2F7A39A7F004}.Release|x86.Build.0 = Release|Any CPU
		{3C55B31A-9A66-4A17-9F5E-2F7A39A7F005}.Debug|Any CPU.ActiveCfg = Debug|Any CPU
		{3C55B31A-9A66-4A17-9F5E-2F7A39A7F005}.Debug|Any CPU.Build.0 = Debug|Any CPU
		{3C55B31A-9A66-4A17-9F5E-2F7A39A7F005}.Debug|x64.ActiveCfg = Debug|Any CPU
		{3C55B31A-9A66-4A17-9F5E-2F7A39A7F005}.Debug|x64.Build.0 = Debug|Any CPU
		{3C55B31A-9A66-4A17-9F5E-2F7A39A7F005}.Debug|x86.ActiveCfg = Debug|Any CPU
		{3C55B31A-9A66-4A17-9F5E-2F7A39A7F005}.Debug|x86.Build.0 = Debug|Any CPU
		{3C55B31A-9A66-4A17-9F5E-2F7A39A7F005}.Release|Any CPU.ActiveCfg = Release|Any CPU
		{3C55B31A-9A66-4A17-9F5E-2F7A39A7F005}.Release|Any CPU.Build.0 = Release|Any CPU
		{3C55B31A-9A66-4A17-9F5E-2F7A39A7F005}.Release|x64.ActiveCfg = Release|Any CPU
		{3C55B31A-9A66-4A17-9F5E-2F7A39A7F005}.Release|x64.Build.0 = Release|Any CPU
		{3C55B31A-9A66-4A17-9F5E-2F7A39A7F005}.Release|x86.ActiveCfg = Release|Any CPU
		{3C55B31A-9A66-4A17-9F5E-2F7A39A7F005}.Release|x86.Build.0 = Release|Any CPU
		{3C55B31A-9A66-4A17-9F5E-2F7A39A7F006}.Debug|Any CPU.ActiveCfg = Debug|Any CPU
		{3C55B31A-9A66-4A17-9F5E-2F7A39A7F006}.Debug|Any CPU.Build.0 = Debug|Any CPU
		{3C55B31A-9A66-4A17-9F5E-2F7A39A7F006}.Debug|x64.ActiveCfg = Debug|Any CPU
		{3C55B31A-9A66-4A17-9F5E-2F7A39A7F006}.Debug|x64.Build.0 = Debug|Any CPU
		{3C55B31A-9A66-4A17-9F5E-2F7A39A7F006}.Debug|x86.ActiveCfg = Debug|Any CPU
		{3C55B31A-9A66-4A17-9F5E-2F7A39A7F006}.Debug|x86.Build.0 = Debug|Any CPU
		{3C55B31A-9A66-4A17-9F5E-2F7A39A7F006}.Release|Any CPU.ActiveCfg = Release|Any CPU
		{3C55B31A-9A66-4A17-9F5E-2F7A39A7F006}.Release|Any CPU.Build.0 = Release|Any CPU
		{3C55B31A-9A66-4A17-9F5E-2F7A39A7F006}.Release|x64.ActiveCfg = Release|Any CPU
		{3C55B31A-9A66-4A17-9F5E-2F7A39A7F006}.Release|x64.Build.0 = Release|Any CPU
		{3C55B31A-9A66-4A17-9F5E-2F7A39A7F006}.Release|x86.ActiveCfg = Release|Any CPU
		{3C55B31A-9A66-4A17-9F5E-2F7A39A7F006}.Release|x86.Build.0 = Release|Any CPU
		{3C55B31A-9A66-4A17-9F5E-2F7A39A7F007}.Debug|Any CPU.ActiveCfg = Debug|Any CPU
		{3C55B31A-9A66-4A17-9F5E-2F7A39A7F007}.Debug|Any CPU.Build.0 = Debug|Any CPU
		{3C55B31A-9A66-4A17-9F5E-2F7A39A7F007}.Debug|x64.ActiveCfg = Debug|Any CPU
		{3C55B31A-9A66-4A17-9F5E-2F7A39A7F007}.Debug|x64.Build.0 = Debug|Any CPU
		{3C55B31A-9A66-4A17-9F5E-2F7A39A7F007}.Debug|x86.ActiveCfg = Debug|Any CPU
		{3C55B31A-9A66-4A17-9F5E-2F7A39A7F007}.Debug|x86.Build.0 = Debug|Any CPU
		{3C55B31A-9A66-4A17-9F5E-2F7A39A7F007}.Release|Any CPU.ActiveCfg = Release|Any CPU
		{3C55B31A-9A66-4A17-9F5E-2F7A39A7F007}.Release|Any CPU.Build.0 = Release|Any CPU
		{3C55B31A-9A66-4A17-9F5E-2F7A39A7F007}.Release|x64.ActiveCfg = Release|Any CPU
		{3C55B31A-9A66-4A17-9F5E-2F7A39A7F007}.Release|x64.Build.0 = Release|Any CPU
		{3C55B31A-9A66-4A17-9F5E-2F7A39A7F007}.Release|x86.ActiveCfg = Release|Any CPU
		{3C55B31A-9A66-4A17-9F5E-2F7A39A7F007}.Release|x86.Build.0 = Release|Any CPU
		{ECB8C075-5ECD-4AB5-AC4F-85157BDF38CB}.Debug|Any CPU.ActiveCfg = Debug|Any CPU
		{ECB8C075-5ECD-4AB5-AC4F-85157BDF38CB}.Debug|Any CPU.Build.0 = Debug|Any CPU
		{ECB8C075-5ECD-4AB5-AC4F-85157BDF38CB}.Debug|x64.ActiveCfg = Debug|Any CPU
		{ECB8C075-5ECD-4AB5-AC4F-85157BDF38CB}.Debug|x64.Build.0 = Debug|Any CPU
		{ECB8C075-5ECD-4AB5-AC4F-85157BDF38CB}.Debug|x86.ActiveCfg = Debug|Any CPU
		{ECB8C075-5ECD-4AB5-AC4F-85157BDF38CB}.Debug|x86.Build.0 = Debug|Any CPU
		{ECB8C075-5ECD-4AB5-AC4F-85157BDF38CB}.Release|Any CPU.ActiveCfg = Release|Any CPU
		{ECB8C075-5ECD-4AB5-AC4F-85157BDF38CB}.Release|Any CPU.Build.0 = Release|Any CPU
		{ECB8C075-5ECD-4AB5-AC4F-85157BDF38CB}.Release|x64.ActiveCfg = Release|Any CPU
		{ECB8C075-5ECD-4AB5-AC4F-85157BDF38CB}.Release|x64.Build.0 = Release|Any CPU
		{ECB8C075-5ECD-4AB5-AC4F-85157BDF38CB}.Release|x86.ActiveCfg = Release|Any CPU
		{ECB8C075-5ECD-4AB5-AC4F-85157BDF38CB}.Release|x86.Build.0 = Release|Any CPU
		{8B7B4961-C150-4513-B23D-A532BBE18DA7}.Debug|Any CPU.ActiveCfg = Debug|Any CPU
		{8B7B4961-C150-4513-B23D-A532BBE18DA7}.Debug|Any CPU.Build.0 = Debug|Any CPU
		{8B7B4961-C150-4513-B23D-A532BBE18DA7}.Debug|x64.ActiveCfg = Debug|Any CPU
		{8B7B4961-C150-4513-B23D-A532BBE18DA7}.Debug|x64.Build.0 = Debug|Any CPU
		{8B7B4961-C150-4513-B23D-A532BBE18DA7}.Debug|x86.ActiveCfg = Debug|Any CPU
		{8B7B4961-C150-4513-B23D-A532BBE18DA7}.Debug|x86.Build.0 = Debug|Any CPU
		{8B7B4961-C150-4513-B23D-A532BBE18DA7}.Release|Any CPU.ActiveCfg = Release|Any CPU
		{8B7B4961-C150-4513-B23D-A532BBE18DA7}.Release|Any CPU.Build.0 = Release|Any CPU
		{8B7B4961-C150-4513-B23D-A532BBE18DA7}.Release|x64.ActiveCfg = Release|Any CPU
		{8B7B4961-C150-4513-B23D-A532BBE18DA7}.Release|x64.Build.0 = Release|Any CPU
		{8B7B4961-C150-4513-B23D-A532BBE18DA7}.Release|x86.ActiveCfg = Release|Any CPU
		{8B7B4961-C150-4513-B23D-A532BBE18DA7}.Release|x86.Build.0 = Release|Any CPU
		{C00ABF13-168D-4CD7-923F-52661B6B10FB}.Debug|Any CPU.ActiveCfg = Debug|Any CPU
		{C00ABF13-168D-4CD7-923F-52661B6B10FB}.Debug|Any CPU.Build.0 = Debug|Any CPU
		{C00ABF13-168D-4CD7-923F-52661B6B10FB}.Debug|x64.ActiveCfg = Debug|Any CPU
		{C00ABF13-168D-4CD7-923F-52661B6B10FB}.Debug|x64.Build.0 = Debug|Any CPU
		{C00ABF13-168D-4CD7-923F-52661B6B10FB}.Debug|x86.ActiveCfg = Debug|Any CPU
		{C00ABF13-168D-4CD7-923F-52661B6B10FB}.Debug|x86.Build.0 = Debug|Any CPU
		{C00ABF13-168D-4CD7-923F-52661B6B10FB}.Release|Any CPU.ActiveCfg = Release|Any CPU
		{C00ABF13-168D-4CD7-923F-52661B6B10FB}.Release|Any CPU.Build.0 = Release|Any CPU
		{C00ABF13-168D-4CD7-923F-52661B6B10FB}.Release|x64.ActiveCfg = Release|Any CPU
		{C00ABF13-168D-4CD7-923F-52661B6B10FB}.Release|x64.Build.0 = Release|Any CPU
		{C00ABF13-168D-4CD7-923F-52661B6B10FB}.Release|x86.ActiveCfg = Release|Any CPU
		{C00ABF13-168D-4CD7-923F-52661B6B10FB}.Release|x86.Build.0 = Release|Any CPU
		{24C4E5B3-2BD4-436E-B8B2-099FF9D235FA}.Debug|Any CPU.ActiveCfg = Debug|Any CPU
		{24C4E5B3-2BD4-436E-B8B2-099FF9D235FA}.Debug|Any CPU.Build.0 = Debug|Any CPU
		{24C4E5B3-2BD4-436E-B8B2-099FF9D235FA}.Debug|x64.ActiveCfg = Debug|Any CPU
		{24C4E5B3-2BD4-436E-B8B2-099FF9D235FA}.Debug|x64.Build.0 = Debug|Any CPU
		{24C4E5B3-2BD4-436E-B8B2-099FF9D235FA}.Debug|x86.ActiveCfg = Debug|Any CPU
		{24C4E5B3-2BD4-436E-B8B2-099FF9D235FA}.Debug|x86.Build.0 = Debug|Any CPU
		{24C4E5B3-2BD4-436E-B8B2-099FF9D235FA}.Release|Any CPU.ActiveCfg = Release|Any CPU
		{24C4E5B3-2BD4-436E-B8B2-099FF9D235FA}.Release|Any CPU.Build.0 = Release|Any CPU
		{24C4E5B3-2BD4-436E-B8B2-099FF9D235FA}.Release|x64.ActiveCfg = Release|Any CPU
		{24C4E5B3-2BD4-436E-B8B2-099FF9D235FA}.Release|x64.Build.0 = Release|Any CPU
		{24C4E5B3-2BD4-436E-B8B2-099FF9D235FA}.Release|x86.ActiveCfg = Release|Any CPU
		{24C4E5B3-2BD4-436E-B8B2-099FF9D235FA}.Release|x86.Build.0 = Release|Any CPU
		{0DDA36E9-18B8-4BF2-B14C-AC3B0B799B98}.Debug|Any CPU.ActiveCfg = Debug|Any CPU
		{0DDA36E9-18B8-4BF2-B14C-AC3B0B799B98}.Debug|Any CPU.Build.0 = Debug|Any CPU
		{0DDA36E9-18B8-4BF2-B14C-AC3B0B799B98}.Debug|x64.ActiveCfg = Debug|Any CPU
		{0DDA36E9-18B8-4BF2-B14C-AC3B0B799B98}.Debug|x64.Build.0 = Debug|Any CPU
		{0DDA36E9-18B8-4BF2-B14C-AC3B0B799B98}.Debug|x86.ActiveCfg = Debug|Any CPU
		{0DDA36E9-18B8-4BF2-B14C-AC3B0B799B98}.Debug|x86.Build.0 = Debug|Any CPU
		{0DDA36E9-18B8-4BF2-B14C-AC3B0B799B98}.Release|Any CPU.ActiveCfg = Release|Any CPU
		{0DDA36E9-18B8-4BF2-B14C-AC3B0B799B98}.Release|Any CPU.Build.0 = Release|Any CPU
		{0DDA36E9-18B8-4BF2-B14C-AC3B0B799B98}.Release|x64.ActiveCfg = Release|Any CPU
		{0DDA36E9-18B8-4BF2-B14C-AC3B0B799B98}.Release|x64.Build.0 = Release|Any CPU
		{0DDA36E9-18B8-4BF2-B14C-AC3B0B799B98}.Release|x86.ActiveCfg = Release|Any CPU
		{0DDA36E9-18B8-4BF2-B14C-AC3B0B799B98}.Release|x86.Build.0 = Release|Any CPU
		{4F5138B0-5FFF-4098-8CA2-0A9FBCC6F492}.Debug|Any CPU.ActiveCfg = Debug|Any CPU
		{4F5138B0-5FFF-4098-8CA2-0A9FBCC6F492}.Debug|Any CPU.Build.0 = Debug|Any CPU
		{4F5138B0-5FFF-4098-8CA2-0A9FBCC6F492}.Debug|x64.ActiveCfg = Debug|Any CPU
		{4F5138B0-5FFF-4098-8CA2-0A9FBCC6F492}.Debug|x64.Build.0 = Debug|Any CPU
		{4F5138B0-5FFF-4098-8CA2-0A9FBCC6F492}.Debug|x86.ActiveCfg = Debug|Any CPU
		{4F5138B0-5FFF-4098-8CA2-0A9FBCC6F492}.Debug|x86.Build.0 = Debug|Any CPU
		{4F5138B0-5FFF-4098-8CA2-0A9FBCC6F492}.Release|Any CPU.ActiveCfg = Release|Any CPU
		{4F5138B0-5FFF-4098-8CA2-0A9FBCC6F492}.Release|Any CPU.Build.0 = Release|Any CPU
		{4F5138B0-5FFF-4098-8CA2-0A9FBCC6F492}.Release|x64.ActiveCfg = Release|Any CPU
		{4F5138B0-5FFF-4098-8CA2-0A9FBCC6F492}.Release|x64.Build.0 = Release|Any CPU
		{4F5138B0-5FFF-4098-8CA2-0A9FBCC6F492}.Release|x86.ActiveCfg = Release|Any CPU
		{4F5138B0-5FFF-4098-8CA2-0A9FBCC6F492}.Release|x86.Build.0 = Release|Any CPU
		{D97C1A8F-B87C-4C00-A61D-2E85BD0DC9C7}.Debug|Any CPU.ActiveCfg = Debug|Any CPU
		{D97C1A8F-B87C-4C00-A61D-2E85BD0DC9C7}.Debug|Any CPU.Build.0 = Debug|Any CPU
		{D97C1A8F-B87C-4C00-A61D-2E85BD0DC9C7}.Debug|x64.ActiveCfg = Debug|Any CPU
		{D97C1A8F-B87C-4C00-A61D-2E85BD0DC9C7}.Debug|x64.Build.0 = Debug|Any CPU
		{D97C1A8F-B87C-4C00-A61D-2E85BD0DC9C7}.Debug|x86.ActiveCfg = Debug|Any CPU
		{D97C1A8F-B87C-4C00-A61D-2E85BD0DC9C7}.Debug|x86.Build.0 = Debug|Any CPU
		{D97C1A8F-B87C-4C00-A61D-2E85BD0DC9C7}.Release|Any CPU.ActiveCfg = Release|Any CPU
		{D97C1A8F-B87C-4C00-A61D-2E85BD0DC9C7}.Release|Any CPU.Build.0 = Release|Any CPU
		{D97C1A8F-B87C-4C00-A61D-2E85BD0DC9C7}.Release|x64.ActiveCfg = Release|Any CPU
		{D97C1A8F-B87C-4C00-A61D-2E85BD0DC9C7}.Release|x64.Build.0 = Release|Any CPU
		{D97C1A8F-B87C-4C00-A61D-2E85BD0DC9C7}.Release|x86.ActiveCfg = Release|Any CPU
		{D97C1A8F-B87C-4C00-A61D-2E85BD0DC9C7}.Release|x86.Build.0 = Release|Any CPU
		{245E7BC6-4A2A-4266-A0E6-59EFB600C192}.Debug|Any CPU.ActiveCfg = Debug|Any CPU
		{245E7BC6-4A2A-4266-A0E6-59EFB600C192}.Debug|Any CPU.Build.0 = Debug|Any CPU
		{245E7BC6-4A2A-4266-A0E6-59EFB600C192}.Debug|x64.ActiveCfg = Debug|Any CPU
		{245E7BC6-4A2A-4266-A0E6-59EFB600C192}.Debug|x64.Build.0 = Debug|Any CPU
		{245E7BC6-4A2A-4266-A0E6-59EFB600C192}.Debug|x86.ActiveCfg = Debug|Any CPU
		{245E7BC6-4A2A-4266-A0E6-59EFB600C192}.Debug|x86.Build.0 = Debug|Any CPU
		{245E7BC6-4A2A-4266-A0E6-59EFB600C192}.Release|Any CPU.ActiveCfg = Release|Any CPU
		{245E7BC6-4A2A-4266-A0E6-59EFB600C192}.Release|Any CPU.Build.0 = Release|Any CPU
		{245E7BC6-4A2A-4266-A0E6-59EFB600C192}.Release|x64.ActiveCfg = Release|Any CPU
		{245E7BC6-4A2A-4266-A0E6-59EFB600C192}.Release|x64.Build.0 = Release|Any CPU
		{245E7BC6-4A2A-4266-A0E6-59EFB600C192}.Release|x86.ActiveCfg = Release|Any CPU
		{245E7BC6-4A2A-4266-A0E6-59EFB600C192}.Release|x86.Build.0 = Release|Any CPU
		{8ACBDB59-00E7-45A9-957E-2161001937BA}.Debug|Any CPU.ActiveCfg = Debug|Any CPU
		{8ACBDB59-00E7-45A9-957E-2161001937BA}.Debug|Any CPU.Build.0 = Debug|Any CPU
		{8ACBDB59-00E7-45A9-957E-2161001937BA}.Debug|x64.ActiveCfg = Debug|Any CPU
		{8ACBDB59-00E7-45A9-957E-2161001937BA}.Debug|x64.Build.0 = Debug|Any CPU
		{8ACBDB59-00E7-45A9-957E-2161001937BA}.Debug|x86.ActiveCfg = Debug|Any CPU
		{8ACBDB59-00E7-45A9-957E-2161001937BA}.Debug|x86.Build.0 = Debug|Any CPU
		{8ACBDB59-00E7-45A9-957E-2161001937BA}.Release|Any CPU.ActiveCfg = Release|Any CPU
		{8ACBDB59-00E7-45A9-957E-2161001937BA}.Release|Any CPU.Build.0 = Release|Any CPU
		{8ACBDB59-00E7-45A9-957E-2161001937BA}.Release|x64.ActiveCfg = Release|Any CPU
		{8ACBDB59-00E7-45A9-957E-2161001937BA}.Release|x64.Build.0 = Release|Any CPU
		{8ACBDB59-00E7-45A9-957E-2161001937BA}.Release|x86.ActiveCfg = Release|Any CPU
		{8ACBDB59-00E7-45A9-957E-2161001937BA}.Release|x86.Build.0 = Release|Any CPU
		{4346A0D1-F634-40F4-80C8-D73EAFA5D055}.Debug|Any CPU.ActiveCfg = Debug|Any CPU
		{4346A0D1-F634-40F4-80C8-D73EAFA5D055}.Debug|Any CPU.Build.0 = Debug|Any CPU
		{4346A0D1-F634-40F4-80C8-D73EAFA5D055}.Debug|x64.ActiveCfg = Debug|Any CPU
		{4346A0D1-F634-40F4-80C8-D73EAFA5D055}.Debug|x64.Build.0 = Debug|Any CPU
		{4346A0D1-F634-40F4-80C8-D73EAFA5D055}.Debug|x86.ActiveCfg = Debug|Any CPU
		{4346A0D1-F634-40F4-80C8-D73EAFA5D055}.Debug|x86.Build.0 = Debug|Any CPU
		{4346A0D1-F634-40F4-80C8-D73EAFA5D055}.Release|Any CPU.ActiveCfg = Release|Any CPU
		{4346A0D1-F634-40F4-80C8-D73EAFA5D055}.Release|Any CPU.Build.0 = Release|Any CPU
		{4346A0D1-F634-40F4-80C8-D73EAFA5D055}.Release|x64.ActiveCfg = Release|Any CPU
		{4346A0D1-F634-40F4-80C8-D73EAFA5D055}.Release|x64.Build.0 = Release|Any CPU
		{4346A0D1-F634-40F4-80C8-D73EAFA5D055}.Release|x86.ActiveCfg = Release|Any CPU
		{4346A0D1-F634-40F4-80C8-D73EAFA5D055}.Release|x86.Build.0 = Release|Any CPU
		{8A3F9B28-BA29-4EE1-908D-81DBA11EFF7D}.Debug|Any CPU.ActiveCfg = Debug|Any CPU
		{8A3F9B28-BA29-4EE1-908D-81DBA11EFF7D}.Debug|Any CPU.Build.0 = Debug|Any CPU
		{8A3F9B28-BA29-4EE1-908D-81DBA11EFF7D}.Debug|x64.ActiveCfg = Debug|Any CPU
		{8A3F9B28-BA29-4EE1-908D-81DBA11EFF7D}.Debug|x64.Build.0 = Debug|Any CPU
		{8A3F9B28-BA29-4EE1-908D-81DBA11EFF7D}.Debug|x86.ActiveCfg = Debug|Any CPU
		{8A3F9B28-BA29-4EE1-908D-81DBA11EFF7D}.Debug|x86.Build.0 = Debug|Any CPU
		{8A3F9B28-BA29-4EE1-908D-81DBA11EFF7D}.Release|Any CPU.ActiveCfg = Release|Any CPU
		{8A3F9B28-BA29-4EE1-908D-81DBA11EFF7D}.Release|Any CPU.Build.0 = Release|Any CPU
		{8A3F9B28-BA29-4EE1-908D-81DBA11EFF7D}.Release|x64.ActiveCfg = Release|Any CPU
		{8A3F9B28-BA29-4EE1-908D-81DBA11EFF7D}.Release|x64.Build.0 = Release|Any CPU
		{8A3F9B28-BA29-4EE1-908D-81DBA11EFF7D}.Release|x86.ActiveCfg = Release|Any CPU
		{8A3F9B28-BA29-4EE1-908D-81DBA11EFF7D}.Release|x86.Build.0 = Release|Any CPU
		{B236F4FC-CFBA-4C4F-8903-8FB7CC19F6F7}.Debug|Any CPU.ActiveCfg = Debug|Any CPU
		{B236F4FC-CFBA-4C4F-8903-8FB7CC19F6F7}.Debug|Any CPU.Build.0 = Debug|Any CPU
		{B236F4FC-CFBA-4C4F-8903-8FB7CC19F6F7}.Debug|x64.ActiveCfg = Debug|Any CPU
		{B236F4FC-CFBA-4C4F-8903-8FB7CC19F6F7}.Debug|x64.Build.0 = Debug|Any CPU
		{B236F4FC-CFBA-4C4F-8903-8FB7CC19F6F7}.Debug|x86.ActiveCfg = Debug|Any CPU
		{B236F4FC-CFBA-4C4F-8903-8FB7CC19F6F7}.Debug|x86.Build.0 = Debug|Any CPU
		{B236F4FC-CFBA-4C4F-8903-8FB7CC19F6F7}.Release|Any CPU.ActiveCfg = Release|Any CPU
		{B236F4FC-CFBA-4C4F-8903-8FB7CC19F6F7}.Release|Any CPU.Build.0 = Release|Any CPU
		{B236F4FC-CFBA-4C4F-8903-8FB7CC19F6F7}.Release|x64.ActiveCfg = Release|Any CPU
		{B236F4FC-CFBA-4C4F-8903-8FB7CC19F6F7}.Release|x64.Build.0 = Release|Any CPU
		{B236F4FC-CFBA-4C4F-8903-8FB7CC19F6F7}.Release|x86.ActiveCfg = Release|Any CPU
		{B236F4FC-CFBA-4C4F-8903-8FB7CC19F6F7}.Release|x86.Build.0 = Release|Any CPU
		{B0951145-C0B6-4C2C-926C-548482843A5C}.Debug|Any CPU.ActiveCfg = Debug|Any CPU
		{B0951145-C0B6-4C2C-926C-548482843A5C}.Debug|Any CPU.Build.0 = Debug|Any CPU
		{B0951145-C0B6-4C2C-926C-548482843A5C}.Debug|x64.ActiveCfg = Debug|Any CPU
		{B0951145-C0B6-4C2C-926C-548482843A5C}.Debug|x64.Build.0 = Debug|Any CPU
		{B0951145-C0B6-4C2C-926C-548482843A5C}.Debug|x86.ActiveCfg = Debug|Any CPU
		{B0951145-C0B6-4C2C-926C-548482843A5C}.Debug|x86.Build.0 = Debug|Any CPU
		{B0951145-C0B6-4C2C-926C-548482843A5C}.Release|Any CPU.ActiveCfg = Release|Any CPU
		{B0951145-C0B6-4C2C-926C-548482843A5C}.Release|Any CPU.Build.0 = Release|Any CPU
		{B0951145-C0B6-4C2C-926C-548482843A5C}.Release|x64.ActiveCfg = Release|Any CPU
		{B0951145-C0B6-4C2C-926C-548482843A5C}.Release|x64.Build.0 = Release|Any CPU
		{B0951145-C0B6-4C2C-926C-548482843A5C}.Release|x86.ActiveCfg = Release|Any CPU
		{B0951145-C0B6-4C2C-926C-548482843A5C}.Release|x86.Build.0 = Release|Any CPU
		{20211D1B-FD1D-49FC-86AF-8A08C1127D93}.Debug|Any CPU.ActiveCfg = Debug|Any CPU
		{20211D1B-FD1D-49FC-86AF-8A08C1127D93}.Debug|Any CPU.Build.0 = Debug|Any CPU
		{20211D1B-FD1D-49FC-86AF-8A08C1127D93}.Debug|x64.ActiveCfg = Debug|Any CPU
		{20211D1B-FD1D-49FC-86AF-8A08C1127D93}.Debug|x64.Build.0 = Debug|Any CPU
		{20211D1B-FD1D-49FC-86AF-8A08C1127D93}.Debug|x86.ActiveCfg = Debug|Any CPU
		{20211D1B-FD1D-49FC-86AF-8A08C1127D93}.Debug|x86.Build.0 = Debug|Any CPU
		{20211D1B-FD1D-49FC-86AF-8A08C1127D93}.Release|Any CPU.ActiveCfg = Release|Any CPU
		{20211D1B-FD1D-49FC-86AF-8A08C1127D93}.Release|Any CPU.Build.0 = Release|Any CPU
		{20211D1B-FD1D-49FC-86AF-8A08C1127D93}.Release|x64.ActiveCfg = Release|Any CPU
		{20211D1B-FD1D-49FC-86AF-8A08C1127D93}.Release|x64.Build.0 = Release|Any CPU
		{20211D1B-FD1D-49FC-86AF-8A08C1127D93}.Release|x86.ActiveCfg = Release|Any CPU
		{20211D1B-FD1D-49FC-86AF-8A08C1127D93}.Release|x86.Build.0 = Release|Any CPU
		{04BB0804-0A67-45BF-957A-A26AC45E6153}.Debug|Any CPU.ActiveCfg = Debug|Any CPU
		{04BB0804-0A67-45BF-957A-A26AC45E6153}.Debug|Any CPU.Build.0 = Debug|Any CPU
		{04BB0804-0A67-45BF-957A-A26AC45E6153}.Debug|x64.ActiveCfg = Debug|Any CPU
		{04BB0804-0A67-45BF-957A-A26AC45E6153}.Debug|x64.Build.0 = Debug|Any CPU
		{04BB0804-0A67-45BF-957A-A26AC45E6153}.Debug|x86.ActiveCfg = Debug|Any CPU
		{04BB0804-0A67-45BF-957A-A26AC45E6153}.Debug|x86.Build.0 = Debug|Any CPU
		{04BB0804-0A67-45BF-957A-A26AC45E6153}.Release|Any CPU.ActiveCfg = Release|Any CPU
		{04BB0804-0A67-45BF-957A-A26AC45E6153}.Release|Any CPU.Build.0 = Release|Any CPU
		{04BB0804-0A67-45BF-957A-A26AC45E6153}.Release|x64.ActiveCfg = Release|Any CPU
		{04BB0804-0A67-45BF-957A-A26AC45E6153}.Release|x64.Build.0 = Release|Any CPU
		{04BB0804-0A67-45BF-957A-A26AC45E6153}.Release|x86.ActiveCfg = Release|Any CPU
		{04BB0804-0A67-45BF-957A-A26AC45E6153}.Release|x86.Build.0 = Release|Any CPU
		{A4C7800A-FE34-450F-A66B-DA47FC090EDA}.Debug|Any CPU.ActiveCfg = Debug|Any CPU
		{A4C7800A-FE34-450F-A66B-DA47FC090EDA}.Debug|Any CPU.Build.0 = Debug|Any CPU
		{A4C7800A-FE34-450F-A66B-DA47FC090EDA}.Debug|x64.ActiveCfg = Debug|Any CPU
		{A4C7800A-FE34-450F-A66B-DA47FC090EDA}.Debug|x64.Build.0 = Debug|Any CPU
		{A4C7800A-FE34-450F-A66B-DA47FC090EDA}.Debug|x86.ActiveCfg = Debug|Any CPU
		{A4C7800A-FE34-450F-A66B-DA47FC090EDA}.Debug|x86.Build.0 = Debug|Any CPU
		{A4C7800A-FE34-450F-A66B-DA47FC090EDA}.Release|Any CPU.ActiveCfg = Release|Any CPU
		{A4C7800A-FE34-450F-A66B-DA47FC090EDA}.Release|Any CPU.Build.0 = Release|Any CPU
		{A4C7800A-FE34-450F-A66B-DA47FC090EDA}.Release|x64.ActiveCfg = Release|Any CPU
		{A4C7800A-FE34-450F-A66B-DA47FC090EDA}.Release|x64.Build.0 = Release|Any CPU
		{A4C7800A-FE34-450F-A66B-DA47FC090EDA}.Release|x86.ActiveCfg = Release|Any CPU
		{A4C7800A-FE34-450F-A66B-DA47FC090EDA}.Release|x86.Build.0 = Release|Any CPU
		{BFD5ACE0-28CF-4EC3-98F1-8F5FEDF0FDC2}.Debug|Any CPU.ActiveCfg = Debug|Any CPU
		{BFD5ACE0-28CF-4EC3-98F1-8F5FEDF0FDC2}.Debug|Any CPU.Build.0 = Debug|Any CPU
		{BFD5ACE0-28CF-4EC3-98F1-8F5FEDF0FDC2}.Debug|x64.ActiveCfg = Debug|Any CPU
		{BFD5ACE0-28CF-4EC3-98F1-8F5FEDF0FDC2}.Debug|x64.Build.0 = Debug|Any CPU
		{BFD5ACE0-28CF-4EC3-98F1-8F5FEDF0FDC2}.Debug|x86.ActiveCfg = Debug|Any CPU
		{BFD5ACE0-28CF-4EC3-98F1-8F5FEDF0FDC2}.Debug|x86.Build.0 = Debug|Any CPU
		{BFD5ACE0-28CF-4EC3-98F1-8F5FEDF0FDC2}.Release|Any CPU.ActiveCfg = Release|Any CPU
		{BFD5ACE0-28CF-4EC3-98F1-8F5FEDF0FDC2}.Release|Any CPU.Build.0 = Release|Any CPU
		{BFD5ACE0-28CF-4EC3-98F1-8F5FEDF0FDC2}.Release|x64.ActiveCfg = Release|Any CPU
		{BFD5ACE0-28CF-4EC3-98F1-8F5FEDF0FDC2}.Release|x64.Build.0 = Release|Any CPU
		{BFD5ACE0-28CF-4EC3-98F1-8F5FEDF0FDC2}.Release|x86.ActiveCfg = Release|Any CPU
		{BFD5ACE0-28CF-4EC3-98F1-8F5FEDF0FDC2}.Release|x86.Build.0 = Release|Any CPU
		{29E62522-BE59-487A-8EC9-6F2CBCE653A4}.Debug|Any CPU.ActiveCfg = Debug|Any CPU
		{29E62522-BE59-487A-8EC9-6F2CBCE653A4}.Debug|Any CPU.Build.0 = Debug|Any CPU
		{29E62522-BE59-487A-8EC9-6F2CBCE653A4}.Debug|x64.ActiveCfg = Debug|Any CPU
		{29E62522-BE59-487A-8EC9-6F2CBCE653A4}.Debug|x64.Build.0 = Debug|Any CPU
		{29E62522-BE59-487A-8EC9-6F2CBCE653A4}.Debug|x86.ActiveCfg = Debug|Any CPU
		{29E62522-BE59-487A-8EC9-6F2CBCE653A4}.Debug|x86.Build.0 = Debug|Any CPU
		{29E62522-BE59-487A-8EC9-6F2CBCE653A4}.Release|Any CPU.ActiveCfg = Release|Any CPU
		{29E62522-BE59-487A-8EC9-6F2CBCE653A4}.Release|Any CPU.Build.0 = Release|Any CPU
		{29E62522-BE59-487A-8EC9-6F2CBCE653A4}.Release|x64.ActiveCfg = Release|Any CPU
		{29E62522-BE59-487A-8EC9-6F2CBCE653A4}.Release|x64.Build.0 = Release|Any CPU
		{29E62522-BE59-487A-8EC9-6F2CBCE653A4}.Release|x86.ActiveCfg = Release|Any CPU
		{29E62522-BE59-487A-8EC9-6F2CBCE653A4}.Release|x86.Build.0 = Release|Any CPU
		{858EEF7D-8B77-4EB9-AC10-3F752C434A2A}.Debug|Any CPU.ActiveCfg = Debug|Any CPU
		{858EEF7D-8B77-4EB9-AC10-3F752C434A2A}.Debug|Any CPU.Build.0 = Debug|Any CPU
		{858EEF7D-8B77-4EB9-AC10-3F752C434A2A}.Debug|x64.ActiveCfg = Debug|Any CPU
		{858EEF7D-8B77-4EB9-AC10-3F752C434A2A}.Debug|x64.Build.0 = Debug|Any CPU
		{858EEF7D-8B77-4EB9-AC10-3F752C434A2A}.Debug|x86.ActiveCfg = Debug|Any CPU
		{858EEF7D-8B77-4EB9-AC10-3F752C434A2A}.Debug|x86.Build.0 = Debug|Any CPU
		{858EEF7D-8B77-4EB9-AC10-3F752C434A2A}.Release|Any CPU.ActiveCfg = Release|Any CPU
		{858EEF7D-8B77-4EB9-AC10-3F752C434A2A}.Release|Any CPU.Build.0 = Release|Any CPU
		{858EEF7D-8B77-4EB9-AC10-3F752C434A2A}.Release|x64.ActiveCfg = Release|Any CPU
		{858EEF7D-8B77-4EB9-AC10-3F752C434A2A}.Release|x64.Build.0 = Release|Any CPU
		{858EEF7D-8B77-4EB9-AC10-3F752C434A2A}.Release|x86.ActiveCfg = Release|Any CPU
		{858EEF7D-8B77-4EB9-AC10-3F752C434A2A}.Release|x86.Build.0 = Release|Any CPU
		{A00C88C8-3905-4D0A-AACB-7C22ECD16787}.Debug|Any CPU.ActiveCfg = Debug|Any CPU
		{A00C88C8-3905-4D0A-AACB-7C22ECD16787}.Debug|Any CPU.Build.0 = Debug|Any CPU
		{A00C88C8-3905-4D0A-AACB-7C22ECD16787}.Debug|x64.ActiveCfg = Debug|Any CPU
		{A00C88C8-3905-4D0A-AACB-7C22ECD16787}.Debug|x64.Build.0 = Debug|Any CPU
		{A00C88C8-3905-4D0A-AACB-7C22ECD16787}.Debug|x86.ActiveCfg = Debug|Any CPU
		{A00C88C8-3905-4D0A-AACB-7C22ECD16787}.Debug|x86.Build.0 = Debug|Any CPU
		{A00C88C8-3905-4D0A-AACB-7C22ECD16787}.Release|Any CPU.ActiveCfg = Release|Any CPU
		{A00C88C8-3905-4D0A-AACB-7C22ECD16787}.Release|Any CPU.Build.0 = Release|Any CPU
		{A00C88C8-3905-4D0A-AACB-7C22ECD16787}.Release|x64.ActiveCfg = Release|Any CPU
		{A00C88C8-3905-4D0A-AACB-7C22ECD16787}.Release|x64.Build.0 = Release|Any CPU
		{A00C88C8-3905-4D0A-AACB-7C22ECD16787}.Release|x86.ActiveCfg = Release|Any CPU
		{A00C88C8-3905-4D0A-AACB-7C22ECD16787}.Release|x86.Build.0 = Release|Any CPU
		{DCD45D51-BA4A-44B3-BBFE-CDC4D383224B}.Debug|Any CPU.ActiveCfg = Debug|Any CPU
		{DCD45D51-BA4A-44B3-BBFE-CDC4D383224B}.Debug|Any CPU.Build.0 = Debug|Any CPU
		{DCD45D51-BA4A-44B3-BBFE-CDC4D383224B}.Debug|x64.ActiveCfg = Debug|Any CPU
		{DCD45D51-BA4A-44B3-BBFE-CDC4D383224B}.Debug|x64.Build.0 = Debug|Any CPU
		{DCD45D51-BA4A-44B3-BBFE-CDC4D383224B}.Debug|x86.ActiveCfg = Debug|Any CPU
		{DCD45D51-BA4A-44B3-BBFE-CDC4D383224B}.Debug|x86.Build.0 = Debug|Any CPU
		{DCD45D51-BA4A-44B3-BBFE-CDC4D383224B}.Release|Any CPU.ActiveCfg = Release|Any CPU
		{DCD45D51-BA4A-44B3-BBFE-CDC4D383224B}.Release|Any CPU.Build.0 = Release|Any CPU
		{DCD45D51-BA4A-44B3-BBFE-CDC4D383224B}.Release|x64.ActiveCfg = Release|Any CPU
		{DCD45D51-BA4A-44B3-BBFE-CDC4D383224B}.Release|x64.Build.0 = Release|Any CPU
		{DCD45D51-BA4A-44B3-BBFE-CDC4D383224B}.Release|x86.ActiveCfg = Release|Any CPU
		{DCD45D51-BA4A-44B3-BBFE-CDC4D383224B}.Release|x86.Build.0 = Release|Any CPU
		{45D2BE78-28A8-49A5-B42D-1FB34C06B241}.Debug|Any CPU.ActiveCfg = Debug|Any CPU
		{45D2BE78-28A8-49A5-B42D-1FB34C06B241}.Debug|Any CPU.Build.0 = Debug|Any CPU
		{45D2BE78-28A8-49A5-B42D-1FB34C06B241}.Debug|x64.ActiveCfg = Debug|Any CPU
		{45D2BE78-28A8-49A5-B42D-1FB34C06B241}.Debug|x64.Build.0 = Debug|Any CPU
		{45D2BE78-28A8-49A5-B42D-1FB34C06B241}.Debug|x86.ActiveCfg = Debug|Any CPU
		{45D2BE78-28A8-49A5-B42D-1FB34C06B241}.Debug|x86.Build.0 = Debug|Any CPU
		{45D2BE78-28A8-49A5-B42D-1FB34C06B241}.Release|Any CPU.ActiveCfg = Release|Any CPU
		{45D2BE78-28A8-49A5-B42D-1FB34C06B241}.Release|Any CPU.Build.0 = Release|Any CPU
		{45D2BE78-28A8-49A5-B42D-1FB34C06B241}.Release|x64.ActiveCfg = Release|Any CPU
		{45D2BE78-28A8-49A5-B42D-1FB34C06B241}.Release|x64.Build.0 = Release|Any CPU
		{45D2BE78-28A8-49A5-B42D-1FB34C06B241}.Release|x86.ActiveCfg = Release|Any CPU
		{45D2BE78-28A8-49A5-B42D-1FB34C06B241}.Release|x86.Build.0 = Release|Any CPU
		{BDA9D277-0EAB-4597-AD84-DCC1539CAB49}.Debug|Any CPU.ActiveCfg = Debug|Any CPU
		{BDA9D277-0EAB-4597-AD84-DCC1539CAB49}.Debug|Any CPU.Build.0 = Debug|Any CPU
		{BDA9D277-0EAB-4597-AD84-DCC1539CAB49}.Debug|x64.ActiveCfg = Debug|Any CPU
		{BDA9D277-0EAB-4597-AD84-DCC1539CAB49}.Debug|x64.Build.0 = Debug|Any CPU
		{BDA9D277-0EAB-4597-AD84-DCC1539CAB49}.Debug|x86.ActiveCfg = Debug|Any CPU
		{BDA9D277-0EAB-4597-AD84-DCC1539CAB49}.Debug|x86.Build.0 = Debug|Any CPU
		{BDA9D277-0EAB-4597-AD84-DCC1539CAB49}.Release|Any CPU.ActiveCfg = Release|Any CPU
		{BDA9D277-0EAB-4597-AD84-DCC1539CAB49}.Release|Any CPU.Build.0 = Release|Any CPU
		{BDA9D277-0EAB-4597-AD84-DCC1539CAB49}.Release|x64.ActiveCfg = Release|Any CPU
		{BDA9D277-0EAB-4597-AD84-DCC1539CAB49}.Release|x64.Build.0 = Release|Any CPU
		{BDA9D277-0EAB-4597-AD84-DCC1539CAB49}.Release|x86.ActiveCfg = Release|Any CPU
		{BDA9D277-0EAB-4597-AD84-DCC1539CAB49}.Release|x86.Build.0 = Release|Any CPU
		{6E0EFFA9-2D41-4985-8F51-1A8F6ED1C732}.Debug|Any CPU.ActiveCfg = Debug|Any CPU
		{6E0EFFA9-2D41-4985-8F51-1A8F6ED1C732}.Debug|Any CPU.Build.0 = Debug|Any CPU
		{6E0EFFA9-2D41-4985-8F51-1A8F6ED1C732}.Debug|x64.ActiveCfg = Debug|Any CPU
		{6E0EFFA9-2D41-4985-8F51-1A8F6ED1C732}.Debug|x64.Build.0 = Debug|Any CPU
		{6E0EFFA9-2D41-4985-8F51-1A8F6ED1C732}.Debug|x86.ActiveCfg = Debug|Any CPU
		{6E0EFFA9-2D41-4985-8F51-1A8F6ED1C732}.Debug|x86.Build.0 = Debug|Any CPU
		{6E0EFFA9-2D41-4985-8F51-1A8F6ED1C732}.Release|Any CPU.ActiveCfg = Release|Any CPU
		{6E0EFFA9-2D41-4985-8F51-1A8F6ED1C732}.Release|Any CPU.Build.0 = Release|Any CPU
		{6E0EFFA9-2D41-4985-8F51-1A8F6ED1C732}.Release|x64.ActiveCfg = Release|Any CPU
		{6E0EFFA9-2D41-4985-8F51-1A8F6ED1C732}.Release|x64.Build.0 = Release|Any CPU
		{6E0EFFA9-2D41-4985-8F51-1A8F6ED1C732}.Release|x86.ActiveCfg = Release|Any CPU
		{6E0EFFA9-2D41-4985-8F51-1A8F6ED1C732}.Release|x86.Build.0 = Release|Any CPU
		{8FA01E74-14E9-485C-B9C3-1B638781B9EB}.Debug|Any CPU.ActiveCfg = Debug|Any CPU
		{8FA01E74-14E9-485C-B9C3-1B638781B9EB}.Debug|Any CPU.Build.0 = Debug|Any CPU
		{8FA01E74-14E9-485C-B9C3-1B638781B9EB}.Debug|x64.ActiveCfg = Debug|Any CPU
		{8FA01E74-14E9-485C-B9C3-1B638781B9EB}.Debug|x64.Build.0 = Debug|Any CPU
		{8FA01E74-14E9-485C-B9C3-1B638781B9EB}.Debug|x86.ActiveCfg = Debug|Any CPU
		{8FA01E74-14E9-485C-B9C3-1B638781B9EB}.Debug|x86.Build.0 = Debug|Any CPU
		{8FA01E74-14E9-485C-B9C3-1B638781B9EB}.Release|Any CPU.ActiveCfg = Release|Any CPU
		{8FA01E74-14E9-485C-B9C3-1B638781B9EB}.Release|Any CPU.Build.0 = Release|Any CPU
		{8FA01E74-14E9-485C-B9C3-1B638781B9EB}.Release|x64.ActiveCfg = Release|Any CPU
		{8FA01E74-14E9-485C-B9C3-1B638781B9EB}.Release|x64.Build.0 = Release|Any CPU
		{8FA01E74-14E9-485C-B9C3-1B638781B9EB}.Release|x86.ActiveCfg = Release|Any CPU
		{8FA01E74-14E9-485C-B9C3-1B638781B9EB}.Release|x86.Build.0 = Release|Any CPU
		{74C9FA61-8624-4AB7-8EBA-529DBB566D43}.Debug|Any CPU.ActiveCfg = Debug|Any CPU
		{74C9FA61-8624-4AB7-8EBA-529DBB566D43}.Debug|Any CPU.Build.0 = Debug|Any CPU
		{74C9FA61-8624-4AB7-8EBA-529DBB566D43}.Debug|x64.ActiveCfg = Debug|Any CPU
		{74C9FA61-8624-4AB7-8EBA-529DBB566D43}.Debug|x64.Build.0 = Debug|Any CPU
		{74C9FA61-8624-4AB7-8EBA-529DBB566D43}.Debug|x86.ActiveCfg = Debug|Any CPU
		{74C9FA61-8624-4AB7-8EBA-529DBB566D43}.Debug|x86.Build.0 = Debug|Any CPU
		{74C9FA61-8624-4AB7-8EBA-529DBB566D43}.Release|Any CPU.ActiveCfg = Release|Any CPU
		{74C9FA61-8624-4AB7-8EBA-529DBB566D43}.Release|Any CPU.Build.0 = Release|Any CPU
		{74C9FA61-8624-4AB7-8EBA-529DBB566D43}.Release|x64.ActiveCfg = Release|Any CPU
		{74C9FA61-8624-4AB7-8EBA-529DBB566D43}.Release|x64.Build.0 = Release|Any CPU
		{74C9FA61-8624-4AB7-8EBA-529DBB566D43}.Release|x86.ActiveCfg = Release|Any CPU
		{74C9FA61-8624-4AB7-8EBA-529DBB566D43}.Release|x86.Build.0 = Release|Any CPU
		{3DA88F90-7CC1-4584-BC48-1BE971467DAF}.Debug|Any CPU.ActiveCfg = Debug|Any CPU
		{3DA88F90-7CC1-4584-BC48-1BE971467DAF}.Debug|Any CPU.Build.0 = Debug|Any CPU
		{3DA88F90-7CC1-4584-BC48-1BE971467DAF}.Debug|x64.ActiveCfg = Debug|Any CPU
		{3DA88F90-7CC1-4584-BC48-1BE971467DAF}.Debug|x64.Build.0 = Debug|Any CPU
		{3DA88F90-7CC1-4584-BC48-1BE971467DAF}.Debug|x86.ActiveCfg = Debug|Any CPU
		{3DA88F90-7CC1-4584-BC48-1BE971467DAF}.Debug|x86.Build.0 = Debug|Any CPU
		{3DA88F90-7CC1-4584-BC48-1BE971467DAF}.Release|Any CPU.ActiveCfg = Release|Any CPU
		{3DA88F90-7CC1-4584-BC48-1BE971467DAF}.Release|Any CPU.Build.0 = Release|Any CPU
		{3DA88F90-7CC1-4584-BC48-1BE971467DAF}.Release|x64.ActiveCfg = Release|Any CPU
		{3DA88F90-7CC1-4584-BC48-1BE971467DAF}.Release|x64.Build.0 = Release|Any CPU
		{3DA88F90-7CC1-4584-BC48-1BE971467DAF}.Release|x86.ActiveCfg = Release|Any CPU
		{3DA88F90-7CC1-4584-BC48-1BE971467DAF}.Release|x86.Build.0 = Release|Any CPU
	EndGlobalSection
	GlobalSection(SolutionProperties) = preSolution
		HideSolutionNode = FALSE
	EndGlobalSection
EndGlobal
